{
  "version": 4,
  "terraform_version": "1.4.2",
  "serial": 33,
  "lineage": "3450b11b-82c9-fffe-8ede-ea5968849987",
  "outputs": {
    "iot_api_gw_url": {
      "value": "https://x26ilhioyd.execute-api.eu-central-1.amazonaws.com/prod",
      "type": "string"
    }
  },
  "resources": [
    {
      "mode": "data",
      "type": "archive_file",
      "name": "iot_v8_lambda_file",
      "provider": "provider[\"registry.terraform.io/hashicorp/archive\"]",
      "instances": [
        {
          "schema_version": 0,
          "attributes": {
            "excludes": null,
            "id": "4e36da364a9cacd4d1d3f2a613c7b4c867ba47c4",
            "output_base64sha256": "miLI573a06UvEUYFn7hFtV8G8CLTTw+yAJ7RAwezrRs=",
            "output_file_mode": null,
            "output_md5": "6473033569c48f6b84251567c3a899e0",
            "output_path": ".././terraform/files/app.zip",
            "output_sha": "4e36da364a9cacd4d1d3f2a613c7b4c867ba47c4",
            "output_size": 700279,
            "source": [],
            "source_content": null,
            "source_content_filename": null,
            "source_dir": ".././app",
            "source_file": null,
            "type": "zip"
          },
          "sensitive_attributes": []
        }
      ]
    },
    {
      "mode": "managed",
      "type": "aws_apigatewayv2_api",
      "name": "iot_v8_api_gw_api",
      "provider": "provider[\"registry.terraform.io/hashicorp/aws\"]",
      "instances": [
        {
          "schema_version": 0,
          "attributes": {
            "api_endpoint": "https://x26ilhioyd.execute-api.eu-central-1.amazonaws.com",
            "api_key_selection_expression": "$request.header.x-api-key",
            "arn": "arn:aws:apigateway:eu-central-1::/apis/x26ilhioyd",
            "body": null,
            "cors_configuration": [],
            "credentials_arn": null,
            "description": "",
            "disable_execute_api_endpoint": false,
            "execution_arn": "arn:aws:execute-api:eu-central-1:428652792036:x26ilhioyd",
            "fail_on_warnings": null,
            "id": "x26ilhioyd",
            "name": "iot-v8-api-gw",
            "protocol_type": "HTTP",
            "route_key": null,
            "route_selection_expression": "$request.method $request.path",
            "tags": null,
            "tags_all": {},
            "target": null,
            "version": ""
          },
          "sensitive_attributes": [],
          "private": "bnVsbA=="
        }
      ]
    },
    {
      "mode": "managed",
      "type": "aws_apigatewayv2_integration",
      "name": "iot_v8_api_gw_integration",
      "provider": "provider[\"registry.terraform.io/hashicorp/aws\"]",
      "instances": [
        {
          "index_key": "calendarEvent",
          "schema_version": 0,
          "attributes": {
            "api_id": "x26ilhioyd",
            "connection_id": "",
            "connection_type": "INTERNET",
            "content_handling_strategy": "",
            "credentials_arn": "",
            "description": "",
            "id": "h6eyvdh",
            "integration_method": "POST",
            "integration_response_selection_expression": "",
            "integration_subtype": "",
            "integration_type": "AWS_PROXY",
            "integration_uri": "arn:aws:apigateway:eu-central-1:lambda:path/2015-03-31/functions/arn:aws:lambda:eu-central-1:428652792036:function:iot-v8-schedule-event/invocations",
            "passthrough_behavior": "",
            "payload_format_version": "1.0",
            "request_parameters": null,
            "request_templates": null,
            "response_parameters": [],
            "template_selection_expression": "",
            "timeout_milliseconds": 30000,
            "tls_config": []
          },
          "sensitive_attributes": [],
          "private": "bnVsbA==",
          "dependencies": [
            "aws_apigatewayv2_api.iot_v8_api_gw_api",
            "aws_dynamodb_table.iot_v8_events",
            "aws_iam_role.iot_v8_lambda_role",
            "aws_lambda_function.iot_v8_lambda_main",
            "aws_s3_bucket.iot_v8_bucket",
            "aws_s3_object.iot_v8_s3_object",
            "data.archive_file.iot_v8_lambda_file"
          ]
        },
        {
          "index_key": "configRetrieve",
          "schema_version": 0,
          "attributes": {
            "api_id": "x26ilhioyd",
            "connection_id": "",
            "connection_type": "INTERNET",
            "content_handling_strategy": "",
            "credentials_arn": "",
            "description": "",
            "id": "mvcv1t2",
            "integration_method": "POST",
            "integration_response_selection_expression": "",
            "integration_subtype": "",
            "integration_type": "AWS_PROXY",
            "integration_uri": "arn:aws:apigateway:eu-central-1:lambda:path/2015-03-31/functions/arn:aws:lambda:eu-central-1:428652792036:function:iot-v8-config-retrieve/invocations",
            "passthrough_behavior": "",
            "payload_format_version": "1.0",
            "request_parameters": null,
            "request_templates": null,
            "response_parameters": [],
            "template_selection_expression": "",
            "timeout_milliseconds": 30000,
            "tls_config": []
          },
          "sensitive_attributes": [],
          "private": "bnVsbA==",
          "dependencies": [
            "aws_apigatewayv2_api.iot_v8_api_gw_api",
            "aws_dynamodb_table.iot_v8_events",
            "aws_iam_role.iot_v8_lambda_role",
            "aws_lambda_function.iot_v8_lambda_main",
            "aws_s3_bucket.iot_v8_bucket",
            "aws_s3_object.iot_v8_s3_object",
            "data.archive_file.iot_v8_lambda_file"
          ]
        },
        {
          "index_key": "configStore",
          "schema_version": 0,
          "attributes": {
            "api_id": "x26ilhioyd",
            "connection_id": "",
            "connection_type": "INTERNET",
            "content_handling_strategy": "",
            "credentials_arn": "",
            "description": "",
            "id": "8i86td1",
            "integration_method": "POST",
            "integration_response_selection_expression": "",
            "integration_subtype": "",
            "integration_type": "AWS_PROXY",
            "integration_uri": "arn:aws:apigateway:eu-central-1:lambda:path/2015-03-31/functions/arn:aws:lambda:eu-central-1:428652792036:function:iot-v8-config-store/invocations",
            "passthrough_behavior": "",
            "payload_format_version": "1.0",
            "request_parameters": null,
            "request_templates": null,
            "response_parameters": [],
            "template_selection_expression": "",
            "timeout_milliseconds": 30000,
            "tls_config": []
          },
          "sensitive_attributes": [],
          "private": "bnVsbA==",
          "dependencies": [
            "aws_apigatewayv2_api.iot_v8_api_gw_api",
            "aws_dynamodb_table.iot_v8_events",
            "aws_iam_role.iot_v8_lambda_role",
            "aws_lambda_function.iot_v8_lambda_main",
            "aws_s3_bucket.iot_v8_bucket",
            "aws_s3_object.iot_v8_s3_object",
            "data.archive_file.iot_v8_lambda_file"
          ]
        },
        {
          "index_key": "inputEvent",
          "schema_version": 0,
          "attributes": {
            "api_id": "x26ilhioyd",
            "connection_id": "",
            "connection_type": "INTERNET",
            "content_handling_strategy": "",
            "credentials_arn": "",
            "description": "",
            "id": "ku2dnr5",
            "integration_method": "POST",
            "integration_response_selection_expression": "",
            "integration_subtype": "",
            "integration_type": "AWS_PROXY",
            "integration_uri": "arn:aws:apigateway:eu-central-1:lambda:path/2015-03-31/functions/arn:aws:lambda:eu-central-1:428652792036:function:iot-v8-sensor-event/invocations",
            "passthrough_behavior": "",
            "payload_format_version": "1.0",
            "request_parameters": null,
            "request_templates": null,
            "response_parameters": [],
            "template_selection_expression": "",
            "timeout_milliseconds": 30000,
            "tls_config": []
          },
          "sensitive_attributes": [],
          "private": "bnVsbA==",
          "dependencies": [
            "aws_apigatewayv2_api.iot_v8_api_gw_api",
            "aws_dynamodb_table.iot_v8_events",
            "aws_iam_role.iot_v8_lambda_role",
            "aws_lambda_function.iot_v8_lambda_main",
            "aws_s3_bucket.iot_v8_bucket",
            "aws_s3_object.iot_v8_s3_object",
            "data.archive_file.iot_v8_lambda_file"
          ]
        }
      ]
    },
    {
      "mode": "managed",
      "type": "aws_apigatewayv2_route",
      "name": "iot_v8_api_gw_route",
      "provider": "provider[\"registry.terraform.io/hashicorp/aws\"]",
      "instances": [
        {
          "index_key": "calendarEvent",
          "schema_version": 0,
          "attributes": {
            "api_id": "x26ilhioyd",
            "api_key_required": false,
            "authorization_scopes": null,
            "authorization_type": "NONE",
            "authorizer_id": "",
            "id": "9v4gyl2",
            "model_selection_expression": "",
            "operation_name": "",
            "request_models": null,
            "request_parameter": [],
            "route_key": "POST /v8/scheduleEvent",
            "route_response_selection_expression": "",
            "target": "integrations/h6eyvdh"
          },
          "sensitive_attributes": [],
          "private": "bnVsbA==",
          "dependencies": [
            "aws_apigatewayv2_api.iot_v8_api_gw_api",
            "aws_apigatewayv2_integration.iot_v8_api_gw_integration",
            "aws_dynamodb_table.iot_v8_events",
            "aws_iam_role.iot_v8_lambda_role",
            "aws_lambda_function.iot_v8_lambda_main",
            "aws_s3_bucket.iot_v8_bucket",
            "aws_s3_object.iot_v8_s3_object",
            "data.archive_file.iot_v8_lambda_file"
          ]
        },
        {
          "index_key": "configRetrieve",
          "schema_version": 0,
          "attributes": {
            "api_id": "x26ilhioyd",
            "api_key_required": false,
            "authorization_scopes": null,
            "authorization_type": "NONE",
            "authorizer_id": "",
            "id": "glzn8oe",
            "model_selection_expression": "",
            "operation_name": "",
            "request_models": null,
            "request_parameter": [],
            "route_key": "POST /v8/configRetrieve",
            "route_response_selection_expression": "",
            "target": "integrations/mvcv1t2"
          },
          "sensitive_attributes": [],
          "private": "bnVsbA==",
          "dependencies": [
            "aws_apigatewayv2_api.iot_v8_api_gw_api",
            "aws_apigatewayv2_integration.iot_v8_api_gw_integration",
            "aws_dynamodb_table.iot_v8_events",
            "aws_iam_role.iot_v8_lambda_role",
            "aws_lambda_function.iot_v8_lambda_main",
            "aws_s3_bucket.iot_v8_bucket",
            "aws_s3_object.iot_v8_s3_object",
            "data.archive_file.iot_v8_lambda_file"
          ]
        },
        {
          "index_key": "configStore",
          "schema_version": 0,
          "attributes": {
            "api_id": "x26ilhioyd",
            "api_key_required": false,
            "authorization_scopes": null,
            "authorization_type": "NONE",
            "authorizer_id": "",
            "id": "9wvcf6m",
            "model_selection_expression": "",
            "operation_name": "",
            "request_models": null,
            "request_parameter": [],
            "route_key": "POST /v8/configStore",
            "route_response_selection_expression": "",
            "target": "integrations/8i86td1"
          },
          "sensitive_attributes": [],
          "private": "bnVsbA==",
          "dependencies": [
            "aws_apigatewayv2_api.iot_v8_api_gw_api",
            "aws_apigatewayv2_integration.iot_v8_api_gw_integration",
            "aws_dynamodb_table.iot_v8_events",
            "aws_iam_role.iot_v8_lambda_role",
            "aws_lambda_function.iot_v8_lambda_main",
            "aws_s3_bucket.iot_v8_bucket",
            "aws_s3_object.iot_v8_s3_object",
            "data.archive_file.iot_v8_lambda_file"
          ]
        },
        {
          "index_key": "inputEvent",
          "schema_version": 0,
          "attributes": {
            "api_id": "x26ilhioyd",
            "api_key_required": false,
            "authorization_scopes": null,
            "authorization_type": "NONE",
            "authorizer_id": "",
            "id": "f7qku3h",
            "model_selection_expression": "",
            "operation_name": "",
            "request_models": null,
            "request_parameter": [],
            "route_key": "POST /v8/sensorEvent",
            "route_response_selection_expression": "",
            "target": "integrations/ku2dnr5"
          },
          "sensitive_attributes": [],
          "private": "bnVsbA==",
          "dependencies": [
            "aws_apigatewayv2_api.iot_v8_api_gw_api",
            "aws_apigatewayv2_integration.iot_v8_api_gw_integration",
            "aws_dynamodb_table.iot_v8_events",
            "aws_iam_role.iot_v8_lambda_role",
            "aws_lambda_function.iot_v8_lambda_main",
            "aws_s3_bucket.iot_v8_bucket",
            "aws_s3_object.iot_v8_s3_object",
            "data.archive_file.iot_v8_lambda_file"
          ]
        }
      ]
    },
    {
      "mode": "managed",
      "type": "aws_apigatewayv2_stage",
      "name": "iot_v8_api_gw_stage",
      "provider": "provider[\"registry.terraform.io/hashicorp/aws\"]",
      "instances": [
        {
          "schema_version": 0,
          "attributes": {
            "access_log_settings": [
              {
                "destination_arn": "arn:aws:logs:eu-central-1:428652792036:log-group:/aws/api-gw/iot-v8-api-gw",
                "format": "{\"httpMethod\":\"$context.httpMethod\",\"integrationErrorMessage\":\"$context.integrationErrorMessage\",\"protocol\":\"$context.protocol\",\"requestId\":\"$context.requestId\",\"requestTime\":\"$context.requestTime\",\"resourcePath\":\"$context.resourcePath\",\"responseLength\":\"$context.responseLength\",\"routeKey\":\"$context.routeKey\",\"sourceIp\":\"$context.identity.sourceIp\",\"status\":\"$context.status\"}"
              }
            ],
            "api_id": "x26ilhioyd",
            "arn": "arn:aws:apigateway:eu-central-1::/apis/x26ilhioyd/stages/prod",
            "auto_deploy": true,
            "client_certificate_id": "",
            "default_route_settings": [
              {
                "data_trace_enabled": false,
                "detailed_metrics_enabled": false,
                "logging_level": "",
                "throttling_burst_limit": 0,
                "throttling_rate_limit": 0
              }
            ],
            "deployment_id": "",
            "description": "",
            "execution_arn": "arn:aws:execute-api:eu-central-1:428652792036:x26ilhioyd/prod",
            "id": "prod",
            "invoke_url": "https://x26ilhioyd.execute-api.eu-central-1.amazonaws.com/prod",
            "name": "prod",
            "route_settings": [],
            "stage_variables": null,
            "tags": null,
            "tags_all": {}
          },
          "sensitive_attributes": [],
          "private": "bnVsbA==",
          "dependencies": [
            "aws_apigatewayv2_api.iot_v8_api_gw_api",
            "aws_cloudwatch_log_group.iot_v8_api_gw_log_group"
          ]
        }
      ]
    },
    {
      "mode": "managed",
      "type": "aws_cloudwatch_log_group",
      "name": "iot_lambda_main",
      "provider": "provider[\"registry.terraform.io/hashicorp/aws\"]",
      "instances": [
        {
          "index_key": "calendarEvent",
          "schema_version": 0,
          "attributes": {
            "arn": "arn:aws:logs:eu-central-1:428652792036:log-group:/aws/lambda/iot-v8-schedule-event",
            "id": "/aws/lambda/iot-v8-schedule-event",
            "kms_key_id": "",
            "log_group_class": "STANDARD",
            "name": "/aws/lambda/iot-v8-schedule-event",
            "name_prefix": "",
            "retention_in_days": 5,
            "skip_destroy": false,
            "tags": null,
            "tags_all": {}
          },
          "sensitive_attributes": [],
          "private": "bnVsbA==",
          "dependencies": [
            "aws_dynamodb_table.iot_v8_events",
            "aws_iam_role.iot_v8_lambda_role",
            "aws_lambda_function.iot_v8_lambda_main",
            "aws_s3_bucket.iot_v8_bucket",
            "aws_s3_object.iot_v8_s3_object",
            "data.archive_file.iot_v8_lambda_file"
          ]
        },
        {
          "index_key": "configRetrieve",
          "schema_version": 0,
          "attributes": {
            "arn": "arn:aws:logs:eu-central-1:428652792036:log-group:/aws/lambda/iot-v8-config-retrieve",
            "id": "/aws/lambda/iot-v8-config-retrieve",
            "kms_key_id": "",
            "log_group_class": "STANDARD",
            "name": "/aws/lambda/iot-v8-config-retrieve",
            "name_prefix": "",
            "retention_in_days": 5,
            "skip_destroy": false,
            "tags": null,
            "tags_all": {}
          },
          "sensitive_attributes": [],
          "private": "bnVsbA==",
          "dependencies": [
            "aws_dynamodb_table.iot_v8_events",
            "aws_iam_role.iot_v8_lambda_role",
            "aws_lambda_function.iot_v8_lambda_main",
            "aws_s3_bucket.iot_v8_bucket",
            "aws_s3_object.iot_v8_s3_object",
            "data.archive_file.iot_v8_lambda_file"
          ]
        },
        {
          "index_key": "configStore",
          "schema_version": 0,
          "attributes": {
            "arn": "arn:aws:logs:eu-central-1:428652792036:log-group:/aws/lambda/iot-v8-config-store",
            "id": "/aws/lambda/iot-v8-config-store",
            "kms_key_id": "",
            "log_group_class": "STANDARD",
            "name": "/aws/lambda/iot-v8-config-store",
            "name_prefix": "",
            "retention_in_days": 5,
            "skip_destroy": false,
            "tags": null,
            "tags_all": {}
          },
          "sensitive_attributes": [],
          "private": "bnVsbA==",
          "dependencies": [
            "aws_dynamodb_table.iot_v8_events",
            "aws_iam_role.iot_v8_lambda_role",
            "aws_lambda_function.iot_v8_lambda_main",
            "aws_s3_bucket.iot_v8_bucket",
            "aws_s3_object.iot_v8_s3_object",
            "data.archive_file.iot_v8_lambda_file"
          ]
        },
        {
          "index_key": "inputEvent",
          "schema_version": 0,
          "attributes": {
            "arn": "arn:aws:logs:eu-central-1:428652792036:log-group:/aws/lambda/iot-v8-sensor-event",
            "id": "/aws/lambda/iot-v8-sensor-event",
            "kms_key_id": "",
            "log_group_class": "STANDARD",
            "name": "/aws/lambda/iot-v8-sensor-event",
            "name_prefix": "",
            "retention_in_days": 5,
            "skip_destroy": false,
            "tags": null,
            "tags_all": {}
          },
          "sensitive_attributes": [],
          "private": "bnVsbA==",
          "dependencies": [
            "aws_dynamodb_table.iot_v8_events",
            "aws_iam_role.iot_v8_lambda_role",
            "aws_lambda_function.iot_v8_lambda_main",
            "aws_s3_bucket.iot_v8_bucket",
            "aws_s3_object.iot_v8_s3_object",
            "data.archive_file.iot_v8_lambda_file"
          ]
        }
      ]
    },
    {
      "mode": "managed",
      "type": "aws_cloudwatch_log_group",
      "name": "iot_v8_api_gw_log_group",
      "provider": "provider[\"registry.terraform.io/hashicorp/aws\"]",
      "instances": [
        {
          "schema_version": 0,
          "attributes": {
            "arn": "arn:aws:logs:eu-central-1:428652792036:log-group:/aws/api-gw/iot-v8-api-gw",
            "id": "/aws/api-gw/iot-v8-api-gw",
            "kms_key_id": "",
            "log_group_class": "STANDARD",
            "name": "/aws/api-gw/iot-v8-api-gw",
            "name_prefix": "",
            "retention_in_days": 5,
            "skip_destroy": false,
            "tags": null,
            "tags_all": {}
          },
          "sensitive_attributes": [],
          "private": "bnVsbA==",
          "dependencies": [
            "aws_apigatewayv2_api.iot_v8_api_gw_api"
          ]
        }
      ]
    },
    {
      "mode": "managed",
      "type": "aws_dynamodb_table",
      "name": "iot_v8_events",
      "provider": "provider[\"registry.terraform.io/hashicorp/aws\"]",
      "instances": [
        {
          "schema_version": 1,
          "attributes": {
            "arn": "arn:aws:dynamodb:eu-central-1:428652792036:table/iot-v8-events",
            "attribute": [
              {
                "name": "date",
                "type": "S"
              },
              {
                "name": "id",
                "type": "S"
              },
              {
                "name": "state",
                "type": "S"
              }
            ],
            "billing_mode": "PAY_PER_REQUEST",
            "deletion_protection_enabled": false,
            "global_secondary_index": [
              {
                "hash_key": "state",
                "name": "state_index",
                "non_key_attributes": [],
                "projection_type": "ALL",
                "range_key": "date",
                "read_capacity": null,
                "write_capacity": null
              }
            ],
            "hash_key": "id",
            "id": "iot-v8-events",
            "import_table": [],
            "local_secondary_index": [],
            "name": "iot-v8-events",
            "point_in_time_recovery": [
              {
                "enabled": false
              }
            ],
            "range_key": "date",
            "read_capacity": 0,
            "replica": [],
            "restore_date_time": null,
            "restore_source_name": null,
            "restore_to_latest_time": null,
            "server_side_encryption": [],
            "stream_arn": "arn:aws:dynamodb:eu-central-1:428652792036:table/iot-v8-events/stream/2024-03-04T07:23:35.912",
            "stream_enabled": true,
            "stream_label": "2024-03-04T07:23:35.912",
            "stream_view_type": "NEW_IMAGE",
            "table_class": "STANDARD",
            "tags": null,
            "tags_all": {},
            "timeouts": null,
            "ttl": [
              {
                "attribute_name": "date_ttl",
                "enabled": true
              }
            ],
            "write_capacity": 0
          },
          "sensitive_attributes": [],
          "private": "eyJlMmJmYjczMC1lY2FhLTExZTYtOGY4OC0zNDM2M2JjN2M0YzAiOnsiY3JlYXRlIjoxODAwMDAwMDAwMDAwLCJkZWxldGUiOjYwMDAwMDAwMDAwMCwidXBkYXRlIjozNjAwMDAwMDAwMDAwfSwic2NoZW1hX3ZlcnNpb24iOiIxIn0="
        }
      ]
    },
    {
      "mode": "managed",
      "type": "aws_iam_role",
      "name": "iot_v8_lambda_role",
      "provider": "provider[\"registry.terraform.io/hashicorp/aws\"]",
      "instances": [
        {
          "schema_version": 0,
          "attributes": {
            "arn": "arn:aws:iam::428652792036:role/iot-v8-lambda-role",
            "assume_role_policy": "{\"Statement\":[{\"Action\":\"sts:AssumeRole\",\"Effect\":\"Allow\",\"Principal\":{\"Service\":\"lambda.amazonaws.com\"}}],\"Version\":\"2012-10-17\"}",
            "create_date": "2024-03-04T07:23:36Z",
            "description": "",
            "force_detach_policies": false,
            "id": "iot-v8-lambda-role",
            "inline_policy": [],
            "managed_policy_arns": [],
            "max_session_duration": 3600,
            "name": "iot-v8-lambda-role",
            "name_prefix": "",
            "path": "/",
            "permissions_boundary": "",
            "tags": null,
            "tags_all": {},
            "unique_id": "AROAWHTNSRDSN5EDPUGF6"
          },
          "sensitive_attributes": [],
          "private": "bnVsbA=="
        }
      ]
    },
    {
      "mode": "managed",
      "type": "aws_iam_role_policy_attachment",
      "name": "iot_dynamo_policy",
      "provider": "provider[\"registry.terraform.io/hashicorp/aws\"]",
      "instances": [
        {
          "schema_version": 0,
          "attributes": {
            "id": "iot-v8-lambda-role-20240304072337347900000004",
            "policy_arn": "arn:aws:iam::aws:policy/AmazonDynamoDBFullAccess",
            "role": "iot-v8-lambda-role"
          },
          "sensitive_attributes": [],
          "private": "bnVsbA==",
          "dependencies": [
            "aws_iam_role.iot_v8_lambda_role"
          ]
        }
      ]
    },
    {
      "mode": "managed",
      "type": "aws_iam_role_policy_attachment",
      "name": "iot_s3_policy",
      "provider": "provider[\"registry.terraform.io/hashicorp/aws\"]",
      "instances": [
        {
          "schema_version": 0,
          "attributes": {
            "id": "iot-v8-lambda-role-20240304072336959300000001",
            "policy_arn": "arn:aws:iam::aws:policy/AmazonS3FullAccess",
            "role": "iot-v8-lambda-role"
          },
          "sensitive_attributes": [],
          "private": "bnVsbA==",
          "dependencies": [
            "aws_iam_role.iot_v8_lambda_role"
          ]
        }
      ]
    },
    {
      "mode": "managed",
      "type": "aws_iam_role_policy_attachment",
      "name": "iot_v8_lambda_execution",
      "provider": "provider[\"registry.terraform.io/hashicorp/aws\"]",
      "instances": [
        {
          "schema_version": 0,
          "attributes": {
            "id": "iot-v8-lambda-role-20240304072337156300000002",
            "policy_arn": "arn:aws:iam::aws:policy/AWSLambdaInvocation-DynamoDB",
            "role": "iot-v8-lambda-role"
          },
          "sensitive_attributes": [],
          "private": "bnVsbA==",
          "dependencies": [
            "aws_iam_role.iot_v8_lambda_role"
          ]
        }
      ]
    },
    {
      "mode": "managed",
      "type": "aws_iam_role_policy_attachment",
      "name": "iot_v8_lambda_policy",
      "provider": "provider[\"registry.terraform.io/hashicorp/aws\"]",
      "instances": [
        {
          "schema_version": 0,
          "attributes": {
            "id": "iot-v8-lambda-role-20240304072337318200000003",
            "policy_arn": "arn:aws:iam::aws:policy/service-role/AWSLambdaBasicExecutionRole",
            "role": "iot-v8-lambda-role"
          },
          "sensitive_attributes": [],
          "private": "bnVsbA==",
          "dependencies": [
            "aws_iam_role.iot_v8_lambda_role"
          ]
        }
      ]
    },
    {
      "mode": "managed",
      "type": "aws_lambda_function",
      "name": "iot_v8_lambda_main",
      "provider": "provider[\"registry.terraform.io/hashicorp/aws\"]",
      "instances": [
        {
          "index_key": "calendarEvent",
          "schema_version": 0,
          "attributes": {
            "architectures": [
              "x86_64"
            ],
            "arn": "arn:aws:lambda:eu-central-1:428652792036:function:iot-v8-schedule-event",
            "code_signing_config_arn": "",
            "dead_letter_config": [],
            "description": "",
            "environment": [
              {
                "variables": {
                  "AWS_DYNAMO_EVENTS_TABLE": "iot-v8-events",
                  "LAMBDA_ARN": "PENDIENTE",
                  "LAMBDA_EXECUTION_ROLE": "arn:aws:iam::428652792036:role/iot-v8-lambda-role",
                  "RETENTION_DAYS": "5",
                  "S3_BUCKET": "iot-v8-bucket"
                }
              }
            ],
            "ephemeral_storage": [
              {
                "size": 512
              }
            ],
            "file_system_config": [],
            "filename": null,
            "function_name": "iot-v8-schedule-event",
            "handler": "eventbridge.schedule_event",
            "id": "iot-v8-schedule-event",
            "image_config": [],
            "image_uri": "",
            "invoke_arn": "arn:aws:apigateway:eu-central-1:lambda:path/2015-03-31/functions/arn:aws:lambda:eu-central-1:428652792036:function:iot-v8-schedule-event/invocations",
            "kms_key_arn": "",
            "last_modified": "2024-03-04T07:23:59.423+0000",
            "layers": null,
            "logging_config": [
              {
                "application_log_level": "",
                "log_format": "Text",
                "log_group": "/aws/lambda/iot-v8-schedule-event",
                "system_log_level": ""
              }
            ],
            "memory_size": 128,
            "package_type": "Zip",
            "publish": false,
            "qualified_arn": "arn:aws:lambda:eu-central-1:428652792036:function:iot-v8-schedule-event:$LATEST",
            "qualified_invoke_arn": "arn:aws:apigateway:eu-central-1:lambda:path/2015-03-31/functions/arn:aws:lambda:eu-central-1:428652792036:function:iot-v8-schedule-event:$LATEST/invocations",
            "replace_security_groups_on_destroy": null,
            "replacement_security_group_ids": null,
            "reserved_concurrent_executions": -1,
            "role": "arn:aws:iam::428652792036:role/iot-v8-lambda-role",
            "runtime": "python3.12",
            "s3_bucket": "iot-v8-bucket",
            "s3_key": "app.zip",
            "s3_object_version": null,
            "signing_job_arn": "",
            "signing_profile_version_arn": "",
            "skip_destroy": false,
            "snap_start": [],
            "source_code_hash": "miLI573a06UvEUYFn7hFtV8G8CLTTw+yAJ7RAwezrRs=",
            "source_code_size": 700279,
            "tags": null,
            "tags_all": {},
            "timeout": 20,
            "timeouts": null,
            "tracing_config": [
              {
                "mode": "PassThrough"
              }
            ],
            "version": "$LATEST",
            "vpc_config": []
          },
          "sensitive_attributes": [],
          "private": "eyJlMmJmYjczMC1lY2FhLTExZTYtOGY4OC0zNDM2M2JjN2M0YzAiOnsiY3JlYXRlIjo2MDAwMDAwMDAwMDAsImRlbGV0ZSI6NjAwMDAwMDAwMDAwLCJ1cGRhdGUiOjYwMDAwMDAwMDAwMH19",
          "dependencies": [
            "aws_dynamodb_table.iot_v8_events",
            "aws_iam_role.iot_v8_lambda_role",
            "aws_s3_bucket.iot_v8_bucket",
            "aws_s3_object.iot_v8_s3_object",
            "data.archive_file.iot_v8_lambda_file"
          ]
        },
        {
          "index_key": "configRetrieve",
          "schema_version": 0,
          "attributes": {
            "architectures": [
              "x86_64"
            ],
            "arn": "arn:aws:lambda:eu-central-1:428652792036:function:iot-v8-config-retrieve",
            "code_signing_config_arn": "",
            "dead_letter_config": [],
            "description": "",
            "environment": [
              {
                "variables": {
                  "AWS_DYNAMO_EVENTS_TABLE": "iot-v8-events",
                  "LAMBDA_ARN": "PENDIENTE",
                  "LAMBDA_EXECUTION_ROLE": "arn:aws:iam::428652792036:role/iot-v8-lambda-role",
                  "RETENTION_DAYS": "5",
                  "S3_BUCKET": "iot-v8-bucket"
                }
              }
            ],
            "ephemeral_storage": [
              {
                "size": 512
              }
            ],
            "file_system_config": [],
            "filename": null,
            "function_name": "iot-v8-config-retrieve",
            "handler": "config.config_retrieve",
            "id": "iot-v8-config-retrieve",
            "image_config": [],
            "image_uri": "",
            "invoke_arn": "arn:aws:apigateway:eu-central-1:lambda:path/2015-03-31/functions/arn:aws:lambda:eu-central-1:428652792036:function:iot-v8-config-retrieve/invocations",
            "kms_key_arn": "",
            "last_modified": "2024-03-04T07:23:59.440+0000",
            "layers": null,
            "logging_config": [
              {
                "application_log_level": "",
                "log_format": "Text",
                "log_group": "/aws/lambda/iot-v8-config-retrieve",
                "system_log_level": ""
              }
            ],
            "memory_size": 128,
            "package_type": "Zip",
            "publish": false,
            "qualified_arn": "arn:aws:lambda:eu-central-1:428652792036:function:iot-v8-config-retrieve:$LATEST",
            "qualified_invoke_arn": "arn:aws:apigateway:eu-central-1:lambda:path/2015-03-31/functions/arn:aws:lambda:eu-central-1:428652792036:function:iot-v8-config-retrieve:$LATEST/invocations",
            "replace_security_groups_on_destroy": null,
            "replacement_security_group_ids": null,
            "reserved_concurrent_executions": -1,
            "role": "arn:aws:iam::428652792036:role/iot-v8-lambda-role",
            "runtime": "python3.12",
            "s3_bucket": "iot-v8-bucket",
            "s3_key": "app.zip",
            "s3_object_version": null,
            "signing_job_arn": "",
            "signing_profile_version_arn": "",
            "skip_destroy": false,
            "snap_start": [],
            "source_code_hash": "miLI573a06UvEUYFn7hFtV8G8CLTTw+yAJ7RAwezrRs=",
            "source_code_size": 700279,
            "tags": null,
            "tags_all": {},
            "timeout": 20,
            "timeouts": null,
            "tracing_config": [
              {
                "mode": "PassThrough"
              }
            ],
            "version": "$LATEST",
            "vpc_config": []
          },
          "sensitive_attributes": [],
          "private": "eyJlMmJmYjczMC1lY2FhLTExZTYtOGY4OC0zNDM2M2JjN2M0YzAiOnsiY3JlYXRlIjo2MDAwMDAwMDAwMDAsImRlbGV0ZSI6NjAwMDAwMDAwMDAwLCJ1cGRhdGUiOjYwMDAwMDAwMDAwMH19",
          "dependencies": [
            "aws_dynamodb_table.iot_v8_events",
            "aws_iam_role.iot_v8_lambda_role",
            "aws_s3_bucket.iot_v8_bucket",
            "aws_s3_object.iot_v8_s3_object",
            "data.archive_file.iot_v8_lambda_file"
          ]
        },
        {
          "index_key": "configStore",
          "schema_version": 0,
          "attributes": {
            "architectures": [
              "x86_64"
            ],
            "arn": "arn:aws:lambda:eu-central-1:428652792036:function:iot-v8-config-store",
            "code_signing_config_arn": "",
            "dead_letter_config": [],
            "description": "",
            "environment": [
              {
                "variables": {
                  "AWS_DYNAMO_EVENTS_TABLE": "iot-v8-events",
                  "LAMBDA_ARN": "PENDIENTE",
                  "LAMBDA_EXECUTION_ROLE": "arn:aws:iam::428652792036:role/iot-v8-lambda-role",
                  "RETENTION_DAYS": "5",
                  "S3_BUCKET": "iot-v8-bucket"
                }
              }
            ],
            "ephemeral_storage": [
              {
                "size": 512
              }
            ],
            "file_system_config": [],
            "filename": null,
            "function_name": "iot-v8-config-store",
            "handler": "config.config_store",
            "id": "iot-v8-config-store",
            "image_config": [],
            "image_uri": "",
            "invoke_arn": "arn:aws:apigateway:eu-central-1:lambda:path/2015-03-31/functions/arn:aws:lambda:eu-central-1:428652792036:function:iot-v8-config-store/invocations",
            "kms_key_arn": "",
            "last_modified": "2024-03-04T07:23:59.434+0000",
            "layers": null,
            "logging_config": [
              {
                "application_log_level": "",
                "log_format": "Text",
                "log_group": "/aws/lambda/iot-v8-config-store",
                "system_log_level": ""
              }
            ],
            "memory_size": 128,
            "package_type": "Zip",
            "publish": false,
            "qualified_arn": "arn:aws:lambda:eu-central-1:428652792036:function:iot-v8-config-store:$LATEST",
            "qualified_invoke_arn": "arn:aws:apigateway:eu-central-1:lambda:path/2015-03-31/functions/arn:aws:lambda:eu-central-1:428652792036:function:iot-v8-config-store:$LATEST/invocations",
            "replace_security_groups_on_destroy": null,
            "replacement_security_group_ids": null,
            "reserved_concurrent_executions": -1,
            "role": "arn:aws:iam::428652792036:role/iot-v8-lambda-role",
            "runtime": "python3.12",
            "s3_bucket": "iot-v8-bucket",
            "s3_key": "app.zip",
            "s3_object_version": null,
            "signing_job_arn": "",
            "signing_profile_version_arn": "",
            "skip_destroy": false,
            "snap_start": [],
            "source_code_hash": "miLI573a06UvEUYFn7hFtV8G8CLTTw+yAJ7RAwezrRs=",
            "source_code_size": 700279,
            "tags": null,
            "tags_all": {},
            "timeout": 20,
            "timeouts": null,
            "tracing_config": [
              {
                "mode": "PassThrough"
              }
            ],
            "version": "$LATEST",
            "vpc_config": []
          },
          "sensitive_attributes": [],
          "private": "eyJlMmJmYjczMC1lY2FhLTExZTYtOGY4OC0zNDM2M2JjN2M0YzAiOnsiY3JlYXRlIjo2MDAwMDAwMDAwMDAsImRlbGV0ZSI6NjAwMDAwMDAwMDAwLCJ1cGRhdGUiOjYwMDAwMDAwMDAwMH19",
          "dependencies": [
            "aws_dynamodb_table.iot_v8_events",
            "aws_iam_role.iot_v8_lambda_role",
            "aws_s3_bucket.iot_v8_bucket",
            "aws_s3_object.iot_v8_s3_object",
            "data.archive_file.iot_v8_lambda_file"
          ]
        },
        {
          "index_key": "inputEvent",
          "schema_version": 0,
          "attributes": {
            "architectures": [
              "x86_64"
            ],
            "arn": "arn:aws:lambda:eu-central-1:428652792036:function:iot-v8-sensor-event",
            "code_signing_config_arn": "",
            "dead_letter_config": [],
            "description": "",
            "environment": [
              {
                "variables": {
                  "AWS_DYNAMO_EVENTS_TABLE": "iot-v8-events",
                  "LAMBDA_ARN": "PENDIENTE",
                  "LAMBDA_EXECUTION_ROLE": "arn:aws:iam::428652792036:role/iot-v8-lambda-role",
                  "RETENTION_DAYS": "5",
                  "S3_BUCKET": "iot-v8-bucket"
                }
              }
            ],
            "ephemeral_storage": [
              {
                "size": 512
              }
            ],
            "file_system_config": [],
            "filename": null,
            "function_name": "iot-v8-sensor-event",
            "handler": "sensor.sensor_event",
            "id": "iot-v8-sensor-event",
            "image_config": [],
            "image_uri": "",
            "invoke_arn": "arn:aws:apigateway:eu-central-1:lambda:path/2015-03-31/functions/arn:aws:lambda:eu-central-1:428652792036:function:iot-v8-sensor-event/invocations",
            "kms_key_arn": "",
            "last_modified": "2024-03-04T07:23:59.442+0000",
            "layers": null,
            "logging_config": [
              {
                "application_log_level": "",
                "log_format": "Text",
                "log_group": "/aws/lambda/iot-v8-sensor-event",
                "system_log_level": ""
              }
            ],
            "memory_size": 128,
            "package_type": "Zip",
            "publish": false,
            "qualified_arn": "arn:aws:lambda:eu-central-1:428652792036:function:iot-v8-sensor-event:$LATEST",
            "qualified_invoke_arn": "arn:aws:apigateway:eu-central-1:lambda:path/2015-03-31/functions/arn:aws:lambda:eu-central-1:428652792036:function:iot-v8-sensor-event:$LATEST/invocations",
            "replace_security_groups_on_destroy": null,
            "replacement_security_group_ids": null,
            "reserved_concurrent_executions": -1,
            "role": "arn:aws:iam::428652792036:role/iot-v8-lambda-role",
            "runtime": "python3.12",
            "s3_bucket": "iot-v8-bucket",
            "s3_key": "app.zip",
            "s3_object_version": null,
            "signing_job_arn": "",
            "signing_profile_version_arn": "",
            "skip_destroy": false,
            "snap_start": [],
            "source_code_hash": "miLI573a06UvEUYFn7hFtV8G8CLTTw+yAJ7RAwezrRs=",
            "source_code_size": 700279,
            "tags": null,
            "tags_all": {},
            "timeout": 20,
            "timeouts": null,
            "tracing_config": [
              {
                "mode": "PassThrough"
              }
            ],
            "version": "$LATEST",
            "vpc_config": []
          },
          "sensitive_attributes": [],
          "private": "eyJlMmJmYjczMC1lY2FhLTExZTYtOGY4OC0zNDM2M2JjN2M0YzAiOnsiY3JlYXRlIjo2MDAwMDAwMDAwMDAsImRlbGV0ZSI6NjAwMDAwMDAwMDAwLCJ1cGRhdGUiOjYwMDAwMDAwMDAwMH19",
          "dependencies": [
            "aws_dynamodb_table.iot_v8_events",
            "aws_iam_role.iot_v8_lambda_role",
            "aws_s3_bucket.iot_v8_bucket",
            "aws_s3_object.iot_v8_s3_object",
            "data.archive_file.iot_v8_lambda_file"
          ]
        }
      ]
    },
    {
      "mode": "managed",
      "type": "aws_lambda_permission",
      "name": "iot_v8_api_gw_permission",
      "provider": "provider[\"registry.terraform.io/hashicorp/aws\"]",
      "instances": [
        {
          "index_key": "calendarEvent",
          "schema_version": 0,
          "attributes": {
            "action": "lambda:InvokeFunction",
            "event_source_token": null,
            "function_name": "iot-v8-schedule-event",
            "function_url_auth_type": null,
            "id": "AllowExecutionFromAPIGateway",
            "principal": "apigateway.amazonaws.com",
            "principal_org_id": null,
            "qualifier": "",
            "source_account": null,
            "source_arn": "arn:aws:execute-api:eu-central-1:428652792036:x26ilhioyd/*/*",
            "statement_id": "AllowExecutionFromAPIGateway",
            "statement_id_prefix": ""
          },
          "sensitive_attributes": [],
          "private": "bnVsbA==",
          "dependencies": [
            "aws_apigatewayv2_api.iot_v8_api_gw_api",
            "aws_dynamodb_table.iot_v8_events",
            "aws_iam_role.iot_v8_lambda_role",
            "aws_lambda_function.iot_v8_lambda_main",
            "aws_s3_bucket.iot_v8_bucket",
            "aws_s3_object.iot_v8_s3_object",
            "data.archive_file.iot_v8_lambda_file"
          ]
        },
        {
          "index_key": "configRetrieve",
          "schema_version": 0,
          "attributes": {
            "action": "lambda:InvokeFunction",
            "event_source_token": null,
            "function_name": "iot-v8-config-retrieve",
            "function_url_auth_type": null,
            "id": "AllowExecutionFromAPIGateway",
            "principal": "apigateway.amazonaws.com",
            "principal_org_id": null,
            "qualifier": "",
            "source_account": null,
            "source_arn": "arn:aws:execute-api:eu-central-1:428652792036:x26ilhioyd/*/*",
            "statement_id": "AllowExecutionFromAPIGateway",
            "statement_id_prefix": ""
          },
          "sensitive_attributes": [],
          "private": "bnVsbA==",
          "dependencies": [
            "aws_apigatewayv2_api.iot_v8_api_gw_api",
            "aws_dynamodb_table.iot_v8_events",
            "aws_iam_role.iot_v8_lambda_role",
            "aws_lambda_function.iot_v8_lambda_main",
            "aws_s3_bucket.iot_v8_bucket",
            "aws_s3_object.iot_v8_s3_object",
            "data.archive_file.iot_v8_lambda_file"
          ]
        },
        {
          "index_key": "configStore",
          "schema_version": 0,
          "attributes": {
            "action": "lambda:InvokeFunction",
            "event_source_token": null,
            "function_name": "iot-v8-config-store",
            "function_url_auth_type": null,
            "id": "AllowExecutionFromAPIGateway",
            "principal": "apigateway.amazonaws.com",
            "principal_org_id": null,
            "qualifier": "",
            "source_account": null,
            "source_arn": "arn:aws:execute-api:eu-central-1:428652792036:x26ilhioyd/*/*",
            "statement_id": "AllowExecutionFromAPIGateway",
            "statement_id_prefix": ""
          },
          "sensitive_attributes": [],
          "private": "bnVsbA==",
          "dependencies": [
            "aws_apigatewayv2_api.iot_v8_api_gw_api",
            "aws_dynamodb_table.iot_v8_events",
            "aws_iam_role.iot_v8_lambda_role",
            "aws_lambda_function.iot_v8_lambda_main",
            "aws_s3_bucket.iot_v8_bucket",
            "aws_s3_object.iot_v8_s3_object",
            "data.archive_file.iot_v8_lambda_file"
          ]
        },
        {
          "index_key": "inputEvent",
          "schema_version": 0,
          "attributes": {
            "action": "lambda:InvokeFunction",
            "event_source_token": null,
            "function_name": "iot-v8-sensor-event",
            "function_url_auth_type": null,
            "id": "AllowExecutionFromAPIGateway",
            "principal": "apigateway.amazonaws.com",
            "principal_org_id": null,
            "qualifier": "",
            "source_account": null,
            "source_arn": "arn:aws:execute-api:eu-central-1:428652792036:x26ilhioyd/*/*",
            "statement_id": "AllowExecutionFromAPIGateway",
            "statement_id_prefix": ""
          },
          "sensitive_attributes": [],
          "private": "bnVsbA==",
          "dependencies": [
            "aws_apigatewayv2_api.iot_v8_api_gw_api",
            "aws_dynamodb_table.iot_v8_events",
            "aws_iam_role.iot_v8_lambda_role",
            "aws_lambda_function.iot_v8_lambda_main",
            "aws_s3_bucket.iot_v8_bucket",
            "aws_s3_object.iot_v8_s3_object",
            "data.archive_file.iot_v8_lambda_file"
          ]
        }
      ]
    },
    {
      "mode": "managed",
      "type": "aws_s3_bucket",
      "name": "iot_v8_bucket",
      "provider": "provider[\"registry.terraform.io/hashicorp/aws\"]",
      "instances": [
        {
          "schema_version": 0,
          "attributes": {
            "acceleration_status": "",
            "acl": null,
            "arn": "arn:aws:s3:::iot-v8-bucket",
            "bucket": "iot-v8-bucket",
            "bucket_domain_name": "iot-v8-bucket.s3.amazonaws.com",
            "bucket_prefix": "",
            "bucket_regional_domain_name": "iot-v8-bucket.s3.eu-central-1.amazonaws.com",
            "cors_rule": [],
            "force_destroy": true,
            "grant": [
              {
                "id": "f9f70e760c39cf70726ff029caa6c36068d9222adf6ab1a025f9963ff5e4ccd2",
                "permissions": [
                  "FULL_CONTROL"
                ],
                "type": "CanonicalUser",
                "uri": ""
              }
            ],
            "hosted_zone_id": "Z21DNDUVLTQW6Q",
            "id": "iot-v8-bucket",
            "lifecycle_rule": [],
            "logging": [],
            "object_lock_configuration": [],
            "object_lock_enabled": false,
            "policy": "",
            "region": "eu-central-1",
            "replication_configuration": [],
            "request_payer": "BucketOwner",
            "server_side_encryption_configuration": [
              {
                "rule": [
                  {
                    "apply_server_side_encryption_by_default": [
                      {
                        "kms_master_key_id": "",
                        "sse_algorithm": "AES256"
                      }
                    ],
                    "bucket_key_enabled": false
                  }
                ]
              }
            ],
            "tags": null,
            "tags_all": {},
            "timeouts": null,
            "versioning": [
              {
                "enabled": false,
                "mfa_delete": false
              }
            ],
            "website": [],
            "website_domain": null,
            "website_endpoint": null
          },
          "sensitive_attributes": [],
          "private": "eyJlMmJmYjczMC1lY2FhLTExZTYtOGY4OC0zNDM2M2JjN2M0YzAiOnsiY3JlYXRlIjoxMjAwMDAwMDAwMDAwLCJkZWxldGUiOjM2MDAwMDAwMDAwMDAsInJlYWQiOjEyMDAwMDAwMDAwMDAsInVwZGF0ZSI6MTIwMDAwMDAwMDAwMH19"
        }
      ]
    },
    {
      "mode": "managed",
      "type": "aws_s3_bucket_public_access_block",
      "name": "iot_v8_bucket_access",
      "provider": "provider[\"registry.terraform.io/hashicorp/aws\"]",
      "instances": [
        {
          "schema_version": 0,
          "attributes": {
            "block_public_acls": true,
            "block_public_policy": true,
            "bucket": "iot-v8-bucket",
            "id": "iot-v8-bucket",
            "ignore_public_acls": true,
            "restrict_public_buckets": true
          },
          "sensitive_attributes": [],
          "private": "bnVsbA==",
          "dependencies": [
            "aws_s3_bucket.iot_v8_bucket"
          ]
        }
      ]
    },
    {
      "mode": "managed",
      "type": "aws_s3_object",
      "name": "iot_v8_s3_object",
      "provider": "provider[\"registry.terraform.io/hashicorp/aws\"]",
      "instances": [
        {
          "schema_version": 0,
          "attributes": {
            "acl": null,
            "bucket": "iot-v8-bucket",
            "bucket_key_enabled": false,
            "cache_control": "",
            "checksum_algorithm": null,
            "checksum_crc32": "",
            "checksum_crc32c": "",
            "checksum_sha1": "",
            "checksum_sha256": "",
            "content": null,
            "content_base64": null,
            "content_disposition": "",
            "content_encoding": "",
            "content_language": "",
            "content_type": "application/octet-stream",
            "etag": "6473033569c48f6b84251567c3a899e0",
            "force_destroy": false,
            "id": "app.zip",
            "key": "app.zip",
            "kms_key_id": null,
            "metadata": null,
            "object_lock_legal_hold_status": "",
            "object_lock_mode": "",
            "object_lock_retain_until_date": "",
            "override_provider": [],
            "server_side_encryption": "AES256",
            "source": ".././terraform/files/app.zip",
            "source_hash": null,
            "storage_class": "STANDARD",
            "tags": null,
            "tags_all": {},
            "version_id": "",
            "website_redirect": ""
          },
          "sensitive_attributes": [],
          "private": "bnVsbA==",
          "dependencies": [
            "aws_s3_bucket.iot_v8_bucket",
            "data.archive_file.iot_v8_lambda_file"
          ]
        }
      ]
    }
  ],
  "check_results": null
}
