{
  "version": 4,
  "terraform_version": "1.4.2",
  "serial": 1784,
  "lineage": "3450b11b-82c9-fffe-8ede-ea5968849987",
  "outputs": {
    "iot_api_gw_url": {
      "value": "https://rdl8aicte9.execute-api.eu-central-1.amazonaws.com/prod",
      "type": "string"
    }
  },
  "resources": [
    {
      "mode": "data",
      "type": "archive_file",
      "name": "iot_v8_lambda_file",
      "provider": "provider[\"registry.terraform.io/hashicorp/archive\"]",
      "instances": [
        {
          "schema_version": 0,
          "attributes": {
            "excludes": null,
            "id": "2282ed347ce524bbeb08eed6568337bf29f567aa",
            "output_base64sha256": "Vfnq5CdsttmQwLJNKr/KGWjuH9l1QF44MnUdp8+dBZo=",
            "output_file_mode": null,
            "output_md5": "066e6dfb104301e570c0bb8812c1eac1",
            "output_path": ".././terraform/files/app.zip",
            "output_sha": "2282ed347ce524bbeb08eed6568337bf29f567aa",
            "output_size": 1618936,
            "source": [],
            "source_content": null,
            "source_content_filename": null,
            "source_dir": ".././app",
            "source_file": null,
            "type": "zip"
          },
          "sensitive_attributes": []
        }
      ]
    },
    {
      "mode": "managed",
      "type": "aws_apigatewayv2_api",
      "name": "iot_v8_api_gw_api",
      "provider": "provider[\"registry.terraform.io/hashicorp/aws\"]",
      "instances": [
        {
          "schema_version": 0,
          "attributes": {
            "api_endpoint": "https://rdl8aicte9.execute-api.eu-central-1.amazonaws.com",
            "api_key_selection_expression": "$request.header.x-api-key",
            "arn": "arn:aws:apigateway:eu-central-1::/apis/rdl8aicte9",
            "body": null,
            "cors_configuration": [],
            "credentials_arn": null,
            "description": "",
            "disable_execute_api_endpoint": false,
            "execution_arn": "arn:aws:execute-api:eu-central-1:428652792036:rdl8aicte9",
            "fail_on_warnings": null,
            "id": "rdl8aicte9",
            "name": "iot-v8-api-gw",
            "protocol_type": "HTTP",
            "route_key": null,
            "route_selection_expression": "$request.method $request.path",
            "tags": {},
            "tags_all": {},
            "target": null,
            "version": ""
          },
          "sensitive_attributes": [],
          "private": "bnVsbA=="
        }
      ]
    },
    {
      "mode": "managed",
      "type": "aws_apigatewayv2_integration",
      "name": "iot_v8_api_gw_integration",
      "provider": "provider[\"registry.terraform.io/hashicorp/aws\"]",
      "instances": [
        {
          "index_key": "alarmEvent",
          "schema_version": 0,
          "attributes": {
            "api_id": "rdl8aicte9",
            "connection_id": "",
            "connection_type": "INTERNET",
            "content_handling_strategy": "",
            "credentials_arn": "",
            "description": "",
            "id": "fx4zpxk",
            "integration_method": "POST",
            "integration_response_selection_expression": "",
            "integration_subtype": "",
            "integration_type": "AWS_PROXY",
            "integration_uri": "arn:aws:apigateway:eu-central-1:lambda:path/2015-03-31/functions/arn:aws:lambda:eu-central-1:428652792036:function:iot-v8-alarm-event/invocations",
            "passthrough_behavior": "",
            "payload_format_version": "1.0",
            "request_parameters": {},
            "request_templates": {},
            "response_parameters": [],
            "template_selection_expression": "",
            "timeout_milliseconds": 30000,
            "tls_config": []
          },
          "sensitive_attributes": [],
          "private": "bnVsbA==",
          "dependencies": [
            "aws_apigatewayv2_api.iot_v8_api_gw_api",
            "aws_dynamodb_table.iot_v8_events",
            "aws_iam_role.iot_v8_eventbridge_role",
            "aws_iam_role.iot_v8_lambda_role",
            "aws_lambda_function.iot_v8_lambda_main",
            "aws_s3_bucket.iot_v8_bucket",
            "aws_s3_object.iot_v8_s3_object",
            "data.archive_file.iot_v8_lambda_file"
          ]
        },
        {
          "index_key": "alarmsAction",
          "schema_version": 0,
          "attributes": {
            "api_id": "rdl8aicte9",
            "connection_id": "",
            "connection_type": "INTERNET",
            "content_handling_strategy": "",
            "credentials_arn": "",
            "description": "",
            "id": "zz3qm2h",
            "integration_method": "POST",
            "integration_response_selection_expression": "",
            "integration_subtype": "",
            "integration_type": "AWS_PROXY",
            "integration_uri": "arn:aws:apigateway:eu-central-1:lambda:path/2015-03-31/functions/arn:aws:lambda:eu-central-1:428652792036:function:iot-v8-alarms-action/invocations",
            "passthrough_behavior": "",
            "payload_format_version": "1.0",
            "request_parameters": {},
            "request_templates": {},
            "response_parameters": [],
            "template_selection_expression": "",
            "timeout_milliseconds": 30000,
            "tls_config": []
          },
          "sensitive_attributes": [],
          "private": "bnVsbA==",
          "dependencies": [
            "aws_apigatewayv2_api.iot_v8_api_gw_api",
            "aws_dynamodb_table.iot_v8_events",
            "aws_iam_role.iot_v8_eventbridge_role",
            "aws_iam_role.iot_v8_lambda_role",
            "aws_lambda_function.iot_v8_lambda_main",
            "aws_s3_bucket.iot_v8_bucket",
            "aws_s3_object.iot_v8_s3_object",
            "data.archive_file.iot_v8_lambda_file"
          ]
        },
        {
          "index_key": "blindsAction",
          "schema_version": 0,
          "attributes": {
            "api_id": "rdl8aicte9",
            "connection_id": "",
            "connection_type": "INTERNET",
            "content_handling_strategy": "",
            "credentials_arn": "",
            "description": "",
            "id": "8vrw35g",
            "integration_method": "POST",
            "integration_response_selection_expression": "",
            "integration_subtype": "",
            "integration_type": "AWS_PROXY",
            "integration_uri": "arn:aws:apigateway:eu-central-1:lambda:path/2015-03-31/functions/arn:aws:lambda:eu-central-1:428652792036:function:iot-v8-blinds-action/invocations",
            "passthrough_behavior": "",
            "payload_format_version": "1.0",
            "request_parameters": {},
            "request_templates": {},
            "response_parameters": [],
            "template_selection_expression": "",
            "timeout_milliseconds": 30000,
            "tls_config": []
          },
          "sensitive_attributes": [],
          "private": "bnVsbA==",
          "dependencies": [
            "aws_apigatewayv2_api.iot_v8_api_gw_api",
            "aws_dynamodb_table.iot_v8_events",
            "aws_iam_role.iot_v8_eventbridge_role",
            "aws_iam_role.iot_v8_lambda_role",
            "aws_lambda_function.iot_v8_lambda_main",
            "aws_s3_bucket.iot_v8_bucket",
            "aws_s3_object.iot_v8_s3_object",
            "data.archive_file.iot_v8_lambda_file"
          ]
        },
        {
          "index_key": "blindsEvent",
          "schema_version": 0,
          "attributes": {
            "api_id": "rdl8aicte9",
            "connection_id": "",
            "connection_type": "INTERNET",
            "content_handling_strategy": "",
            "credentials_arn": "",
            "description": "",
            "id": "55c0nz7",
            "integration_method": "POST",
            "integration_response_selection_expression": "",
            "integration_subtype": "",
            "integration_type": "AWS_PROXY",
            "integration_uri": "arn:aws:apigateway:eu-central-1:lambda:path/2015-03-31/functions/arn:aws:lambda:eu-central-1:428652792036:function:iot-v8-blinds-event/invocations",
            "passthrough_behavior": "",
            "payload_format_version": "1.0",
            "request_parameters": {},
            "request_templates": {},
            "response_parameters": [],
            "template_selection_expression": "",
            "timeout_milliseconds": 30000,
            "tls_config": []
          },
          "sensitive_attributes": [],
          "private": "bnVsbA==",
          "dependencies": [
            "aws_apigatewayv2_api.iot_v8_api_gw_api",
            "aws_dynamodb_table.iot_v8_events",
            "aws_iam_role.iot_v8_eventbridge_role",
            "aws_iam_role.iot_v8_lambda_role",
            "aws_lambda_function.iot_v8_lambda_main",
            "aws_s3_bucket.iot_v8_bucket",
            "aws_s3_object.iot_v8_s3_object",
            "data.archive_file.iot_v8_lambda_file"
          ]
        },
        {
          "index_key": "configRetrieve",
          "schema_version": 0,
          "attributes": {
            "api_id": "rdl8aicte9",
            "connection_id": "",
            "connection_type": "INTERNET",
            "content_handling_strategy": "",
            "credentials_arn": "",
            "description": "",
            "id": "ls57edp",
            "integration_method": "POST",
            "integration_response_selection_expression": "",
            "integration_subtype": "",
            "integration_type": "AWS_PROXY",
            "integration_uri": "arn:aws:apigateway:eu-central-1:lambda:path/2015-03-31/functions/arn:aws:lambda:eu-central-1:428652792036:function:iot-v8-config-retrieve/invocations",
            "passthrough_behavior": "",
            "payload_format_version": "1.0",
            "request_parameters": {},
            "request_templates": {},
            "response_parameters": [],
            "template_selection_expression": "",
            "timeout_milliseconds": 30000,
            "tls_config": []
          },
          "sensitive_attributes": [],
          "private": "bnVsbA==",
          "dependencies": [
            "aws_apigatewayv2_api.iot_v8_api_gw_api",
            "aws_dynamodb_table.iot_v8_events",
            "aws_iam_role.iot_v8_eventbridge_role",
            "aws_iam_role.iot_v8_lambda_role",
            "aws_lambda_function.iot_v8_lambda_main",
            "aws_s3_bucket.iot_v8_bucket",
            "aws_s3_object.iot_v8_s3_object",
            "data.archive_file.iot_v8_lambda_file"
          ]
        },
        {
          "index_key": "configStore",
          "schema_version": 0,
          "attributes": {
            "api_id": "rdl8aicte9",
            "connection_id": "",
            "connection_type": "INTERNET",
            "content_handling_strategy": "",
            "credentials_arn": "",
            "description": "",
            "id": "m95pbbl",
            "integration_method": "POST",
            "integration_response_selection_expression": "",
            "integration_subtype": "",
            "integration_type": "AWS_PROXY",
            "integration_uri": "arn:aws:apigateway:eu-central-1:lambda:path/2015-03-31/functions/arn:aws:lambda:eu-central-1:428652792036:function:iot-v8-config-store/invocations",
            "passthrough_behavior": "",
            "payload_format_version": "1.0",
            "request_parameters": {},
            "request_templates": {},
            "response_parameters": [],
            "template_selection_expression": "",
            "timeout_milliseconds": 30000,
            "tls_config": []
          },
          "sensitive_attributes": [],
          "private": "bnVsbA==",
          "dependencies": [
            "aws_apigatewayv2_api.iot_v8_api_gw_api",
            "aws_dynamodb_table.iot_v8_events",
            "aws_iam_role.iot_v8_eventbridge_role",
            "aws_iam_role.iot_v8_lambda_role",
            "aws_lambda_function.iot_v8_lambda_main",
            "aws_s3_bucket.iot_v8_bucket",
            "aws_s3_object.iot_v8_s3_object",
            "data.archive_file.iot_v8_lambda_file"
          ]
        },
        {
          "index_key": "deleteActions",
          "schema_version": 0,
          "attributes": {
            "api_id": "rdl8aicte9",
            "connection_id": "",
            "connection_type": "INTERNET",
            "content_handling_strategy": "",
            "credentials_arn": "",
            "description": "",
            "id": "z66jwk7",
            "integration_method": "POST",
            "integration_response_selection_expression": "",
            "integration_subtype": "",
            "integration_type": "AWS_PROXY",
            "integration_uri": "arn:aws:apigateway:eu-central-1:lambda:path/2015-03-31/functions/arn:aws:lambda:eu-central-1:428652792036:function:iot-v8-delete-Actions/invocations",
            "passthrough_behavior": "",
            "payload_format_version": "1.0",
            "request_parameters": {},
            "request_templates": {},
            "response_parameters": [],
            "template_selection_expression": "",
            "timeout_milliseconds": 30000,
            "tls_config": []
          },
          "sensitive_attributes": [],
          "private": "bnVsbA==",
          "dependencies": [
            "aws_apigatewayv2_api.iot_v8_api_gw_api",
            "aws_dynamodb_table.iot_v8_events",
            "aws_iam_role.iot_v8_eventbridge_role",
            "aws_iam_role.iot_v8_lambda_role",
            "aws_lambda_function.iot_v8_lambda_main",
            "aws_s3_bucket.iot_v8_bucket",
            "aws_s3_object.iot_v8_s3_object",
            "data.archive_file.iot_v8_lambda_file"
          ]
        },
        {
          "index_key": "deleteAlarms",
          "schema_version": 0,
          "attributes": {
            "api_id": "rdl8aicte9",
            "connection_id": "",
            "connection_type": "INTERNET",
            "content_handling_strategy": "",
            "credentials_arn": "",
            "description": "",
            "id": "bhppftd",
            "integration_method": "POST",
            "integration_response_selection_expression": "",
            "integration_subtype": "",
            "integration_type": "AWS_PROXY",
            "integration_uri": "arn:aws:apigateway:eu-central-1:lambda:path/2015-03-31/functions/arn:aws:lambda:eu-central-1:428652792036:function:iot-v8-delete-alarms/invocations",
            "passthrough_behavior": "",
            "payload_format_version": "1.0",
            "request_parameters": {},
            "request_templates": {},
            "response_parameters": [],
            "template_selection_expression": "",
            "timeout_milliseconds": 30000,
            "tls_config": []
          },
          "sensitive_attributes": [],
          "private": "bnVsbA==",
          "dependencies": [
            "aws_apigatewayv2_api.iot_v8_api_gw_api",
            "aws_dynamodb_table.iot_v8_events",
            "aws_iam_role.iot_v8_eventbridge_role",
            "aws_iam_role.iot_v8_lambda_role",
            "aws_lambda_function.iot_v8_lambda_main",
            "aws_s3_bucket.iot_v8_bucket",
            "aws_s3_object.iot_v8_s3_object",
            "data.archive_file.iot_v8_lambda_file"
          ]
        },
        {
          "index_key": "getEvents",
          "schema_version": 0,
          "attributes": {
            "api_id": "rdl8aicte9",
            "connection_id": "",
            "connection_type": "INTERNET",
            "content_handling_strategy": "",
            "credentials_arn": "",
            "description": "",
            "id": "wz8k1c0",
            "integration_method": "POST",
            "integration_response_selection_expression": "",
            "integration_subtype": "",
            "integration_type": "AWS_PROXY",
            "integration_uri": "arn:aws:apigateway:eu-central-1:lambda:path/2015-03-31/functions/arn:aws:lambda:eu-central-1:428652792036:function:iot-v8-get-events/invocations",
            "passthrough_behavior": "",
            "payload_format_version": "1.0",
            "request_parameters": {},
            "request_templates": {},
            "response_parameters": [],
            "template_selection_expression": "",
            "timeout_milliseconds": 30000,
            "tls_config": []
          },
          "sensitive_attributes": [],
          "private": "bnVsbA==",
          "dependencies": [
            "aws_apigatewayv2_api.iot_v8_api_gw_api",
            "aws_dynamodb_table.iot_v8_events",
            "aws_iam_role.iot_v8_eventbridge_role",
            "aws_iam_role.iot_v8_lambda_role",
            "aws_lambda_function.iot_v8_lambda_main",
            "aws_s3_bucket.iot_v8_bucket",
            "aws_s3_object.iot_v8_s3_object",
            "data.archive_file.iot_v8_lambda_file"
          ]
        },
        {
          "index_key": "irrigationAction",
          "schema_version": 0,
          "attributes": {
            "api_id": "rdl8aicte9",
            "connection_id": "",
            "connection_type": "INTERNET",
            "content_handling_strategy": "",
            "credentials_arn": "",
            "description": "",
            "id": "t7myt1m",
            "integration_method": "POST",
            "integration_response_selection_expression": "",
            "integration_subtype": "",
            "integration_type": "AWS_PROXY",
            "integration_uri": "arn:aws:apigateway:eu-central-1:lambda:path/2015-03-31/functions/arn:aws:lambda:eu-central-1:428652792036:function:iot-v8-irrigation-action/invocations",
            "passthrough_behavior": "",
            "payload_format_version": "1.0",
            "request_parameters": {},
            "request_templates": {},
            "response_parameters": [],
            "template_selection_expression": "",
            "timeout_milliseconds": 30000,
            "tls_config": []
          },
          "sensitive_attributes": [],
          "private": "bnVsbA==",
          "dependencies": [
            "aws_apigatewayv2_api.iot_v8_api_gw_api",
            "aws_dynamodb_table.iot_v8_events",
            "aws_iam_role.iot_v8_eventbridge_role",
            "aws_iam_role.iot_v8_lambda_role",
            "aws_lambda_function.iot_v8_lambda_main",
            "aws_s3_bucket.iot_v8_bucket",
            "aws_s3_object.iot_v8_s3_object",
            "data.archive_file.iot_v8_lambda_file"
          ]
        },
        {
          "index_key": "irrigationEvent",
          "schema_version": 0,
          "attributes": {
            "api_id": "rdl8aicte9",
            "connection_id": "",
            "connection_type": "INTERNET",
            "content_handling_strategy": "",
            "credentials_arn": "",
            "description": "",
            "id": "8i80ybk",
            "integration_method": "POST",
            "integration_response_selection_expression": "",
            "integration_subtype": "",
            "integration_type": "AWS_PROXY",
            "integration_uri": "arn:aws:apigateway:eu-central-1:lambda:path/2015-03-31/functions/arn:aws:lambda:eu-central-1:428652792036:function:iot-v8-irrigation-event/invocations",
            "passthrough_behavior": "",
            "payload_format_version": "1.0",
            "request_parameters": {},
            "request_templates": {},
            "response_parameters": [],
            "template_selection_expression": "",
            "timeout_milliseconds": 30000,
            "tls_config": []
          },
          "sensitive_attributes": [],
          "private": "bnVsbA==",
          "dependencies": [
            "aws_apigatewayv2_api.iot_v8_api_gw_api",
            "aws_dynamodb_table.iot_v8_events",
            "aws_iam_role.iot_v8_eventbridge_role",
            "aws_iam_role.iot_v8_lambda_role",
            "aws_lambda_function.iot_v8_lambda_main",
            "aws_s3_bucket.iot_v8_bucket",
            "aws_s3_object.iot_v8_s3_object",
            "data.archive_file.iot_v8_lambda_file"
          ]
        },
        {
          "index_key": "rainEvent",
          "schema_version": 0,
          "attributes": {
            "api_id": "rdl8aicte9",
            "connection_id": "",
            "connection_type": "INTERNET",
            "content_handling_strategy": "",
            "credentials_arn": "",
            "description": "",
            "id": "883m9nf",
            "integration_method": "POST",
            "integration_response_selection_expression": "",
            "integration_subtype": "",
            "integration_type": "AWS_PROXY",
            "integration_uri": "arn:aws:apigateway:eu-central-1:lambda:path/2015-03-31/functions/arn:aws:lambda:eu-central-1:428652792036:function:iot-v8-rain-event/invocations",
            "passthrough_behavior": "",
            "payload_format_version": "1.0",
            "request_parameters": {},
            "request_templates": {},
            "response_parameters": [],
            "template_selection_expression": "",
            "timeout_milliseconds": 30000,
            "tls_config": []
          },
          "sensitive_attributes": [],
          "private": "bnVsbA==",
          "dependencies": [
            "aws_apigatewayv2_api.iot_v8_api_gw_api",
            "aws_dynamodb_table.iot_v8_events",
            "aws_iam_role.iot_v8_eventbridge_role",
            "aws_iam_role.iot_v8_lambda_role",
            "aws_lambda_function.iot_v8_lambda_main",
            "aws_s3_bucket.iot_v8_bucket",
            "aws_s3_object.iot_v8_s3_object",
            "data.archive_file.iot_v8_lambda_file"
          ]
        }
      ]
    },
    {
      "mode": "managed",
      "type": "aws_apigatewayv2_route",
      "name": "iot_v8_api_gw_route",
      "provider": "provider[\"registry.terraform.io/hashicorp/aws\"]",
      "instances": [
        {
          "index_key": "alarmEvent",
          "schema_version": 0,
          "attributes": {
            "api_id": "rdl8aicte9",
            "api_key_required": false,
            "authorization_scopes": [],
            "authorization_type": "NONE",
            "authorizer_id": "",
            "id": "t16rozf",
            "model_selection_expression": "",
            "operation_name": "",
            "request_models": {},
            "request_parameter": [],
            "route_key": "POST /v8/alarmEvent",
            "route_response_selection_expression": "",
            "target": "integrations/fx4zpxk"
          },
          "sensitive_attributes": [],
          "private": "bnVsbA==",
          "dependencies": [
            "aws_apigatewayv2_api.iot_v8_api_gw_api",
            "aws_apigatewayv2_integration.iot_v8_api_gw_integration",
            "aws_dynamodb_table.iot_v8_events",
            "aws_iam_role.iot_v8_eventbridge_role",
            "aws_iam_role.iot_v8_lambda_role",
            "aws_lambda_function.iot_v8_lambda_main",
            "aws_s3_bucket.iot_v8_bucket",
            "aws_s3_object.iot_v8_s3_object",
            "data.archive_file.iot_v8_lambda_file"
          ]
        },
        {
          "index_key": "alarmsAction",
          "schema_version": 0,
          "attributes": {
            "api_id": "rdl8aicte9",
            "api_key_required": false,
            "authorization_scopes": [],
            "authorization_type": "NONE",
            "authorizer_id": "",
            "id": "a765j7m",
            "model_selection_expression": "",
            "operation_name": "",
            "request_models": {},
            "request_parameter": [],
            "route_key": "POST /v8/alarmsAction",
            "route_response_selection_expression": "",
            "target": "integrations/zz3qm2h"
          },
          "sensitive_attributes": [],
          "private": "bnVsbA==",
          "dependencies": [
            "aws_apigatewayv2_api.iot_v8_api_gw_api",
            "aws_apigatewayv2_integration.iot_v8_api_gw_integration",
            "aws_dynamodb_table.iot_v8_events",
            "aws_iam_role.iot_v8_eventbridge_role",
            "aws_iam_role.iot_v8_lambda_role",
            "aws_lambda_function.iot_v8_lambda_main",
            "aws_s3_bucket.iot_v8_bucket",
            "aws_s3_object.iot_v8_s3_object",
            "data.archive_file.iot_v8_lambda_file"
          ]
        },
        {
          "index_key": "blindsAction",
          "schema_version": 0,
          "attributes": {
            "api_id": "rdl8aicte9",
            "api_key_required": false,
            "authorization_scopes": [],
            "authorization_type": "NONE",
            "authorizer_id": "",
            "id": "3vnhbje",
            "model_selection_expression": "",
            "operation_name": "",
            "request_models": {},
            "request_parameter": [],
            "route_key": "POST /v8/blindsAction",
            "route_response_selection_expression": "",
            "target": "integrations/8vrw35g"
          },
          "sensitive_attributes": [],
          "private": "bnVsbA==",
          "dependencies": [
            "aws_apigatewayv2_api.iot_v8_api_gw_api",
            "aws_apigatewayv2_integration.iot_v8_api_gw_integration",
            "aws_dynamodb_table.iot_v8_events",
            "aws_iam_role.iot_v8_eventbridge_role",
            "aws_iam_role.iot_v8_lambda_role",
            "aws_lambda_function.iot_v8_lambda_main",
            "aws_s3_bucket.iot_v8_bucket",
            "aws_s3_object.iot_v8_s3_object",
            "data.archive_file.iot_v8_lambda_file"
          ]
        },
        {
          "index_key": "blindsEvent",
          "schema_version": 0,
          "attributes": {
            "api_id": "rdl8aicte9",
            "api_key_required": false,
            "authorization_scopes": [],
            "authorization_type": "NONE",
            "authorizer_id": "",
            "id": "aablic7",
            "model_selection_expression": "",
            "operation_name": "",
            "request_models": {},
            "request_parameter": [],
            "route_key": "POST /v8/blindsEvent",
            "route_response_selection_expression": "",
            "target": "integrations/55c0nz7"
          },
          "sensitive_attributes": [],
          "private": "bnVsbA==",
          "dependencies": [
            "aws_apigatewayv2_api.iot_v8_api_gw_api",
            "aws_apigatewayv2_integration.iot_v8_api_gw_integration",
            "aws_dynamodb_table.iot_v8_events",
            "aws_iam_role.iot_v8_eventbridge_role",
            "aws_iam_role.iot_v8_lambda_role",
            "aws_lambda_function.iot_v8_lambda_main",
            "aws_s3_bucket.iot_v8_bucket",
            "aws_s3_object.iot_v8_s3_object",
            "data.archive_file.iot_v8_lambda_file"
          ]
        },
        {
          "index_key": "configRetrieve",
          "schema_version": 0,
          "attributes": {
            "api_id": "rdl8aicte9",
            "api_key_required": false,
            "authorization_scopes": [],
            "authorization_type": "NONE",
            "authorizer_id": "",
            "id": "k2ystk8",
            "model_selection_expression": "",
            "operation_name": "",
            "request_models": {},
            "request_parameter": [],
            "route_key": "POST /v8/configRetrieve",
            "route_response_selection_expression": "",
            "target": "integrations/ls57edp"
          },
          "sensitive_attributes": [],
          "private": "bnVsbA==",
          "dependencies": [
            "aws_apigatewayv2_api.iot_v8_api_gw_api",
            "aws_apigatewayv2_integration.iot_v8_api_gw_integration",
            "aws_dynamodb_table.iot_v8_events",
            "aws_iam_role.iot_v8_eventbridge_role",
            "aws_iam_role.iot_v8_lambda_role",
            "aws_lambda_function.iot_v8_lambda_main",
            "aws_s3_bucket.iot_v8_bucket",
            "aws_s3_object.iot_v8_s3_object",
            "data.archive_file.iot_v8_lambda_file"
          ]
        },
        {
          "index_key": "configStore",
          "schema_version": 0,
          "attributes": {
            "api_id": "rdl8aicte9",
            "api_key_required": false,
            "authorization_scopes": [],
            "authorization_type": "NONE",
            "authorizer_id": "",
            "id": "lozi7mf",
            "model_selection_expression": "",
            "operation_name": "",
            "request_models": {},
            "request_parameter": [],
            "route_key": "POST /v8/configStore",
            "route_response_selection_expression": "",
            "target": "integrations/m95pbbl"
          },
          "sensitive_attributes": [],
          "private": "bnVsbA==",
          "dependencies": [
            "aws_apigatewayv2_api.iot_v8_api_gw_api",
            "aws_apigatewayv2_integration.iot_v8_api_gw_integration",
            "aws_dynamodb_table.iot_v8_events",
            "aws_iam_role.iot_v8_eventbridge_role",
            "aws_iam_role.iot_v8_lambda_role",
            "aws_lambda_function.iot_v8_lambda_main",
            "aws_s3_bucket.iot_v8_bucket",
            "aws_s3_object.iot_v8_s3_object",
            "data.archive_file.iot_v8_lambda_file"
          ]
        },
        {
          "index_key": "deleteActions",
          "schema_version": 0,
          "attributes": {
            "api_id": "rdl8aicte9",
            "api_key_required": false,
            "authorization_scopes": [],
            "authorization_type": "NONE",
            "authorizer_id": "",
            "id": "e7smf7m",
            "model_selection_expression": "",
            "operation_name": "",
            "request_models": {},
            "request_parameter": [],
            "route_key": "POST /v8/deleteActions",
            "route_response_selection_expression": "",
            "target": "integrations/z66jwk7"
          },
          "sensitive_attributes": [],
          "private": "bnVsbA==",
          "dependencies": [
            "aws_apigatewayv2_api.iot_v8_api_gw_api",
            "aws_apigatewayv2_integration.iot_v8_api_gw_integration",
            "aws_dynamodb_table.iot_v8_events",
            "aws_iam_role.iot_v8_eventbridge_role",
            "aws_iam_role.iot_v8_lambda_role",
            "aws_lambda_function.iot_v8_lambda_main",
            "aws_s3_bucket.iot_v8_bucket",
            "aws_s3_object.iot_v8_s3_object",
            "data.archive_file.iot_v8_lambda_file"
          ]
        },
        {
          "index_key": "deleteAlarms",
          "schema_version": 0,
          "attributes": {
            "api_id": "rdl8aicte9",
            "api_key_required": false,
            "authorization_scopes": [],
            "authorization_type": "NONE",
            "authorizer_id": "",
            "id": "nich4d5",
            "model_selection_expression": "",
            "operation_name": "",
            "request_models": {},
            "request_parameter": [],
            "route_key": "POST /v8/deleteAlarms",
            "route_response_selection_expression": "",
            "target": "integrations/bhppftd"
          },
          "sensitive_attributes": [],
          "private": "bnVsbA==",
          "dependencies": [
            "aws_apigatewayv2_api.iot_v8_api_gw_api",
            "aws_apigatewayv2_integration.iot_v8_api_gw_integration",
            "aws_dynamodb_table.iot_v8_events",
            "aws_iam_role.iot_v8_eventbridge_role",
            "aws_iam_role.iot_v8_lambda_role",
            "aws_lambda_function.iot_v8_lambda_main",
            "aws_s3_bucket.iot_v8_bucket",
            "aws_s3_object.iot_v8_s3_object",
            "data.archive_file.iot_v8_lambda_file"
          ]
        },
        {
          "index_key": "getEvents",
          "schema_version": 0,
          "attributes": {
            "api_id": "rdl8aicte9",
            "api_key_required": false,
            "authorization_scopes": [],
            "authorization_type": "NONE",
            "authorizer_id": "",
            "id": "for9c1h",
            "model_selection_expression": "",
            "operation_name": "",
            "request_models": {},
            "request_parameter": [],
            "route_key": "POST /v8/getEvents",
            "route_response_selection_expression": "",
            "target": "integrations/wz8k1c0"
          },
          "sensitive_attributes": [],
          "private": "bnVsbA==",
          "dependencies": [
            "aws_apigatewayv2_api.iot_v8_api_gw_api",
            "aws_apigatewayv2_integration.iot_v8_api_gw_integration",
            "aws_dynamodb_table.iot_v8_events",
            "aws_iam_role.iot_v8_eventbridge_role",
            "aws_iam_role.iot_v8_lambda_role",
            "aws_lambda_function.iot_v8_lambda_main",
            "aws_s3_bucket.iot_v8_bucket",
            "aws_s3_object.iot_v8_s3_object",
            "data.archive_file.iot_v8_lambda_file"
          ]
        },
        {
          "index_key": "irrigationAction",
          "schema_version": 0,
          "attributes": {
            "api_id": "rdl8aicte9",
            "api_key_required": false,
            "authorization_scopes": [],
            "authorization_type": "NONE",
            "authorizer_id": "",
            "id": "fkxi7lk",
            "model_selection_expression": "",
            "operation_name": "",
            "request_models": {},
            "request_parameter": [],
            "route_key": "POST /v8/irrigationAction",
            "route_response_selection_expression": "",
            "target": "integrations/t7myt1m"
          },
          "sensitive_attributes": [],
          "private": "bnVsbA==",
          "dependencies": [
            "aws_apigatewayv2_api.iot_v8_api_gw_api",
            "aws_apigatewayv2_integration.iot_v8_api_gw_integration",
            "aws_dynamodb_table.iot_v8_events",
            "aws_iam_role.iot_v8_eventbridge_role",
            "aws_iam_role.iot_v8_lambda_role",
            "aws_lambda_function.iot_v8_lambda_main",
            "aws_s3_bucket.iot_v8_bucket",
            "aws_s3_object.iot_v8_s3_object",
            "data.archive_file.iot_v8_lambda_file"
          ]
        },
        {
          "index_key": "irrigationEvent",
          "schema_version": 0,
          "attributes": {
            "api_id": "rdl8aicte9",
            "api_key_required": false,
            "authorization_scopes": [],
            "authorization_type": "NONE",
            "authorizer_id": "",
            "id": "k0z33pp",
            "model_selection_expression": "",
            "operation_name": "",
            "request_models": {},
            "request_parameter": [],
            "route_key": "POST /v8/irrigationEvent",
            "route_response_selection_expression": "",
            "target": "integrations/8i80ybk"
          },
          "sensitive_attributes": [],
          "private": "bnVsbA==",
          "dependencies": [
            "aws_apigatewayv2_api.iot_v8_api_gw_api",
            "aws_apigatewayv2_integration.iot_v8_api_gw_integration",
            "aws_dynamodb_table.iot_v8_events",
            "aws_iam_role.iot_v8_eventbridge_role",
            "aws_iam_role.iot_v8_lambda_role",
            "aws_lambda_function.iot_v8_lambda_main",
            "aws_s3_bucket.iot_v8_bucket",
            "aws_s3_object.iot_v8_s3_object",
            "data.archive_file.iot_v8_lambda_file"
          ]
        },
        {
          "index_key": "rainEvent",
          "schema_version": 0,
          "attributes": {
            "api_id": "rdl8aicte9",
            "api_key_required": false,
            "authorization_scopes": [],
            "authorization_type": "NONE",
            "authorizer_id": "",
            "id": "ehfgv29",
            "model_selection_expression": "",
            "operation_name": "",
            "request_models": {},
            "request_parameter": [],
            "route_key": "POST /v8/rainEvent",
            "route_response_selection_expression": "",
            "target": "integrations/883m9nf"
          },
          "sensitive_attributes": [],
          "private": "bnVsbA==",
          "dependencies": [
            "aws_apigatewayv2_api.iot_v8_api_gw_api",
            "aws_apigatewayv2_integration.iot_v8_api_gw_integration",
            "aws_dynamodb_table.iot_v8_events",
            "aws_iam_role.iot_v8_eventbridge_role",
            "aws_iam_role.iot_v8_lambda_role",
            "aws_lambda_function.iot_v8_lambda_main",
            "aws_s3_bucket.iot_v8_bucket",
            "aws_s3_object.iot_v8_s3_object",
            "data.archive_file.iot_v8_lambda_file"
          ]
        }
      ]
    },
    {
      "mode": "managed",
      "type": "aws_apigatewayv2_stage",
      "name": "iot_v8_api_gw_stage",
      "provider": "provider[\"registry.terraform.io/hashicorp/aws\"]",
      "instances": [
        {
          "schema_version": 0,
          "attributes": {
            "access_log_settings": [
              {
                "destination_arn": "arn:aws:logs:eu-central-1:428652792036:log-group:/aws/api-gw/iot-v8-api-gw",
                "format": "{\"httpMethod\":\"$context.httpMethod\",\"integrationErrorMessage\":\"$context.integrationErrorMessage\",\"protocol\":\"$context.protocol\",\"requestId\":\"$context.requestId\",\"requestTime\":\"$context.requestTime\",\"resourcePath\":\"$context.resourcePath\",\"responseLength\":\"$context.responseLength\",\"routeKey\":\"$context.routeKey\",\"sourceIp\":\"$context.identity.sourceIp\",\"status\":\"$context.status\"}"
              }
            ],
            "api_id": "rdl8aicte9",
            "arn": "arn:aws:apigateway:eu-central-1::/apis/rdl8aicte9/stages/prod",
            "auto_deploy": true,
            "client_certificate_id": "",
            "default_route_settings": [
              {
                "data_trace_enabled": false,
                "detailed_metrics_enabled": false,
                "logging_level": "",
                "throttling_burst_limit": 0,
                "throttling_rate_limit": 0
              }
            ],
            "deployment_id": "si6dr7",
            "description": "",
            "execution_arn": "arn:aws:execute-api:eu-central-1:428652792036:rdl8aicte9/prod",
            "id": "prod",
            "invoke_url": "https://rdl8aicte9.execute-api.eu-central-1.amazonaws.com/prod",
            "name": "prod",
            "route_settings": [],
            "stage_variables": {},
            "tags": {},
            "tags_all": {}
          },
          "sensitive_attributes": [],
          "private": "bnVsbA==",
          "dependencies": [
            "aws_apigatewayv2_api.iot_v8_api_gw_api",
            "aws_cloudwatch_log_group.iot_v8_api_gw_log_group"
          ]
        }
      ]
    },
    {
      "mode": "managed",
      "type": "aws_cloudwatch_log_group",
      "name": "iot_lambda_main",
      "provider": "provider[\"registry.terraform.io/hashicorp/aws\"]",
      "instances": [
        {
          "index_key": "alarmEvent",
          "schema_version": 0,
          "attributes": {
            "arn": "arn:aws:logs:eu-central-1:428652792036:log-group:/aws/lambda/iot-v8-alarm-event",
            "id": "/aws/lambda/iot-v8-alarm-event",
            "kms_key_id": "",
            "log_group_class": "STANDARD",
            "name": "/aws/lambda/iot-v8-alarm-event",
            "name_prefix": "",
            "retention_in_days": 14,
            "skip_destroy": false,
            "tags": {},
            "tags_all": {}
          },
          "sensitive_attributes": [],
          "private": "bnVsbA==",
          "dependencies": [
            "aws_dynamodb_table.iot_v8_events",
            "aws_iam_role.iot_v8_eventbridge_role",
            "aws_iam_role.iot_v8_lambda_role",
            "aws_lambda_function.iot_v8_lambda_main",
            "aws_s3_bucket.iot_v8_bucket",
            "aws_s3_object.iot_v8_s3_object",
            "data.archive_file.iot_v8_lambda_file"
          ]
        },
        {
          "index_key": "alarmsAction",
          "schema_version": 0,
          "attributes": {
            "arn": "arn:aws:logs:eu-central-1:428652792036:log-group:/aws/lambda/iot-v8-alarms-action",
            "id": "/aws/lambda/iot-v8-alarms-action",
            "kms_key_id": "",
            "log_group_class": "STANDARD",
            "name": "/aws/lambda/iot-v8-alarms-action",
            "name_prefix": "",
            "retention_in_days": 14,
            "skip_destroy": false,
            "tags": {},
            "tags_all": {}
          },
          "sensitive_attributes": [],
          "private": "bnVsbA==",
          "dependencies": [
            "aws_dynamodb_table.iot_v8_events",
            "aws_iam_role.iot_v8_eventbridge_role",
            "aws_iam_role.iot_v8_lambda_role",
            "aws_lambda_function.iot_v8_lambda_main",
            "aws_s3_bucket.iot_v8_bucket",
            "aws_s3_object.iot_v8_s3_object",
            "data.archive_file.iot_v8_lambda_file"
          ]
        },
        {
          "index_key": "blindsAction",
          "schema_version": 0,
          "attributes": {
            "arn": "arn:aws:logs:eu-central-1:428652792036:log-group:/aws/lambda/iot-v8-blinds-action",
            "id": "/aws/lambda/iot-v8-blinds-action",
            "kms_key_id": "",
            "log_group_class": "STANDARD",
            "name": "/aws/lambda/iot-v8-blinds-action",
            "name_prefix": "",
            "retention_in_days": 14,
            "skip_destroy": false,
            "tags": {},
            "tags_all": {}
          },
          "sensitive_attributes": [],
          "private": "bnVsbA==",
          "dependencies": [
            "aws_dynamodb_table.iot_v8_events",
            "aws_iam_role.iot_v8_eventbridge_role",
            "aws_iam_role.iot_v8_lambda_role",
            "aws_lambda_function.iot_v8_lambda_main",
            "aws_s3_bucket.iot_v8_bucket",
            "aws_s3_object.iot_v8_s3_object",
            "data.archive_file.iot_v8_lambda_file"
          ]
        },
        {
          "index_key": "blindsEvent",
          "schema_version": 0,
          "attributes": {
            "arn": "arn:aws:logs:eu-central-1:428652792036:log-group:/aws/lambda/iot-v8-blinds-event",
            "id": "/aws/lambda/iot-v8-blinds-event",
            "kms_key_id": "",
            "log_group_class": "STANDARD",
            "name": "/aws/lambda/iot-v8-blinds-event",
            "name_prefix": "",
            "retention_in_days": 14,
            "skip_destroy": false,
            "tags": {},
            "tags_all": {}
          },
          "sensitive_attributes": [],
          "private": "bnVsbA==",
          "dependencies": [
            "aws_dynamodb_table.iot_v8_events",
            "aws_iam_role.iot_v8_eventbridge_role",
            "aws_iam_role.iot_v8_lambda_role",
            "aws_lambda_function.iot_v8_lambda_main",
            "aws_s3_bucket.iot_v8_bucket",
            "aws_s3_object.iot_v8_s3_object",
            "data.archive_file.iot_v8_lambda_file"
          ]
        },
        {
          "index_key": "configRetrieve",
          "schema_version": 0,
          "attributes": {
            "arn": "arn:aws:logs:eu-central-1:428652792036:log-group:/aws/lambda/iot-v8-config-retrieve",
            "id": "/aws/lambda/iot-v8-config-retrieve",
            "kms_key_id": "",
            "log_group_class": "STANDARD",
            "name": "/aws/lambda/iot-v8-config-retrieve",
            "name_prefix": "",
            "retention_in_days": 14,
            "skip_destroy": false,
            "tags": {},
            "tags_all": {}
          },
          "sensitive_attributes": [],
          "private": "bnVsbA==",
          "dependencies": [
            "aws_dynamodb_table.iot_v8_events",
            "aws_iam_role.iot_v8_eventbridge_role",
            "aws_iam_role.iot_v8_lambda_role",
            "aws_lambda_function.iot_v8_lambda_main",
            "aws_s3_bucket.iot_v8_bucket",
            "aws_s3_object.iot_v8_s3_object",
            "data.archive_file.iot_v8_lambda_file"
          ]
        },
        {
          "index_key": "configStore",
          "schema_version": 0,
          "attributes": {
            "arn": "arn:aws:logs:eu-central-1:428652792036:log-group:/aws/lambda/iot-v8-config-store",
            "id": "/aws/lambda/iot-v8-config-store",
            "kms_key_id": "",
            "log_group_class": "STANDARD",
            "name": "/aws/lambda/iot-v8-config-store",
            "name_prefix": "",
            "retention_in_days": 14,
            "skip_destroy": false,
            "tags": {},
            "tags_all": {}
          },
          "sensitive_attributes": [],
          "private": "bnVsbA==",
          "dependencies": [
            "aws_dynamodb_table.iot_v8_events",
            "aws_iam_role.iot_v8_eventbridge_role",
            "aws_iam_role.iot_v8_lambda_role",
            "aws_lambda_function.iot_v8_lambda_main",
            "aws_s3_bucket.iot_v8_bucket",
            "aws_s3_object.iot_v8_s3_object",
            "data.archive_file.iot_v8_lambda_file"
          ]
        },
        {
          "index_key": "deleteActions",
          "schema_version": 0,
          "attributes": {
            "arn": "arn:aws:logs:eu-central-1:428652792036:log-group:/aws/lambda/iot-v8-delete-Actions",
            "id": "/aws/lambda/iot-v8-delete-Actions",
            "kms_key_id": "",
            "log_group_class": "STANDARD",
            "name": "/aws/lambda/iot-v8-delete-Actions",
            "name_prefix": "",
            "retention_in_days": 14,
            "skip_destroy": false,
            "tags": {},
            "tags_all": {}
          },
          "sensitive_attributes": [],
          "private": "bnVsbA==",
          "dependencies": [
            "aws_dynamodb_table.iot_v8_events",
            "aws_iam_role.iot_v8_eventbridge_role",
            "aws_iam_role.iot_v8_lambda_role",
            "aws_lambda_function.iot_v8_lambda_main",
            "aws_s3_bucket.iot_v8_bucket",
            "aws_s3_object.iot_v8_s3_object",
            "data.archive_file.iot_v8_lambda_file"
          ]
        },
        {
          "index_key": "deleteAlarms",
          "schema_version": 0,
          "attributes": {
            "arn": "arn:aws:logs:eu-central-1:428652792036:log-group:/aws/lambda/iot-v8-delete-alarms",
            "id": "/aws/lambda/iot-v8-delete-alarms",
            "kms_key_id": "",
            "log_group_class": "STANDARD",
            "name": "/aws/lambda/iot-v8-delete-alarms",
            "name_prefix": "",
            "retention_in_days": 14,
            "skip_destroy": false,
            "tags": {},
            "tags_all": {}
          },
          "sensitive_attributes": [],
          "private": "bnVsbA==",
          "dependencies": [
            "aws_dynamodb_table.iot_v8_events",
            "aws_iam_role.iot_v8_eventbridge_role",
            "aws_iam_role.iot_v8_lambda_role",
            "aws_lambda_function.iot_v8_lambda_main",
            "aws_s3_bucket.iot_v8_bucket",
            "aws_s3_object.iot_v8_s3_object",
            "data.archive_file.iot_v8_lambda_file"
          ]
        },
        {
          "index_key": "getEvents",
          "schema_version": 0,
          "attributes": {
            "arn": "arn:aws:logs:eu-central-1:428652792036:log-group:/aws/lambda/iot-v8-get-events",
            "id": "/aws/lambda/iot-v8-get-events",
            "kms_key_id": "",
            "log_group_class": "STANDARD",
            "name": "/aws/lambda/iot-v8-get-events",
            "name_prefix": "",
            "retention_in_days": 14,
            "skip_destroy": false,
            "tags": {},
            "tags_all": {}
          },
          "sensitive_attributes": [],
          "private": "bnVsbA==",
          "dependencies": [
            "aws_dynamodb_table.iot_v8_events",
            "aws_iam_role.iot_v8_eventbridge_role",
            "aws_iam_role.iot_v8_lambda_role",
            "aws_lambda_function.iot_v8_lambda_main",
            "aws_s3_bucket.iot_v8_bucket",
            "aws_s3_object.iot_v8_s3_object",
            "data.archive_file.iot_v8_lambda_file"
          ]
        },
        {
          "index_key": "irrigationAction",
          "schema_version": 0,
          "attributes": {
            "arn": "arn:aws:logs:eu-central-1:428652792036:log-group:/aws/lambda/iot-v8-irrigation-action",
            "id": "/aws/lambda/iot-v8-irrigation-action",
            "kms_key_id": "",
            "log_group_class": "STANDARD",
            "name": "/aws/lambda/iot-v8-irrigation-action",
            "name_prefix": "",
            "retention_in_days": 14,
            "skip_destroy": false,
            "tags": {},
            "tags_all": {}
          },
          "sensitive_attributes": [],
          "private": "bnVsbA==",
          "dependencies": [
            "aws_dynamodb_table.iot_v8_events",
            "aws_iam_role.iot_v8_eventbridge_role",
            "aws_iam_role.iot_v8_lambda_role",
            "aws_lambda_function.iot_v8_lambda_main",
            "aws_s3_bucket.iot_v8_bucket",
            "aws_s3_object.iot_v8_s3_object",
            "data.archive_file.iot_v8_lambda_file"
          ]
        },
        {
          "index_key": "irrigationEvent",
          "schema_version": 0,
          "attributes": {
            "arn": "arn:aws:logs:eu-central-1:428652792036:log-group:/aws/lambda/iot-v8-irrigation-event",
            "id": "/aws/lambda/iot-v8-irrigation-event",
            "kms_key_id": "",
            "log_group_class": "STANDARD",
            "name": "/aws/lambda/iot-v8-irrigation-event",
            "name_prefix": "",
            "retention_in_days": 14,
            "skip_destroy": false,
            "tags": {},
            "tags_all": {}
          },
          "sensitive_attributes": [],
          "private": "bnVsbA==",
          "dependencies": [
            "aws_dynamodb_table.iot_v8_events",
            "aws_iam_role.iot_v8_eventbridge_role",
            "aws_iam_role.iot_v8_lambda_role",
            "aws_lambda_function.iot_v8_lambda_main",
            "aws_s3_bucket.iot_v8_bucket",
            "aws_s3_object.iot_v8_s3_object",
            "data.archive_file.iot_v8_lambda_file"
          ]
        },
        {
          "index_key": "rainEvent",
          "schema_version": 0,
          "attributes": {
            "arn": "arn:aws:logs:eu-central-1:428652792036:log-group:/aws/lambda/iot-v8-rain-event",
            "id": "/aws/lambda/iot-v8-rain-event",
            "kms_key_id": "",
            "log_group_class": "STANDARD",
            "name": "/aws/lambda/iot-v8-rain-event",
            "name_prefix": "",
            "retention_in_days": 14,
            "skip_destroy": false,
            "tags": {},
            "tags_all": {}
          },
          "sensitive_attributes": [],
          "private": "bnVsbA==",
          "dependencies": [
            "aws_dynamodb_table.iot_v8_events",
            "aws_iam_role.iot_v8_eventbridge_role",
            "aws_iam_role.iot_v8_lambda_role",
            "aws_lambda_function.iot_v8_lambda_main",
            "aws_s3_bucket.iot_v8_bucket",
            "aws_s3_object.iot_v8_s3_object",
            "data.archive_file.iot_v8_lambda_file"
          ]
        }
      ]
    },
    {
      "mode": "managed",
      "type": "aws_cloudwatch_log_group",
      "name": "iot_v8_api_gw_log_group",
      "provider": "provider[\"registry.terraform.io/hashicorp/aws\"]",
      "instances": [
        {
          "schema_version": 0,
          "attributes": {
            "arn": "arn:aws:logs:eu-central-1:428652792036:log-group:/aws/api-gw/iot-v8-api-gw",
            "id": "/aws/api-gw/iot-v8-api-gw",
            "kms_key_id": "",
            "log_group_class": "STANDARD",
            "name": "/aws/api-gw/iot-v8-api-gw",
            "name_prefix": "",
            "retention_in_days": 14,
            "skip_destroy": false,
            "tags": {},
            "tags_all": {}
          },
          "sensitive_attributes": [],
          "private": "bnVsbA==",
          "dependencies": [
            "aws_apigatewayv2_api.iot_v8_api_gw_api"
          ]
        }
      ]
    },
    {
      "mode": "managed",
      "type": "aws_dynamodb_table",
      "name": "iot_v8_events",
      "provider": "provider[\"registry.terraform.io/hashicorp/aws\"]",
      "instances": [
        {
          "schema_version": 1,
          "attributes": {
            "arn": "arn:aws:dynamodb:eu-central-1:428652792036:table/iot-v8-events",
            "attribute": [
              {
                "name": "event_date",
                "type": "S"
              },
              {
                "name": "event_type",
                "type": "S"
              }
            ],
            "billing_mode": "PAY_PER_REQUEST",
            "deletion_protection_enabled": false,
            "global_secondary_index": [],
            "hash_key": "event_type",
            "id": "iot-v8-events",
            "import_table": [],
            "local_secondary_index": [],
            "name": "iot-v8-events",
            "point_in_time_recovery": [
              {
                "enabled": false
              }
            ],
            "range_key": "event_date",
            "read_capacity": 0,
            "replica": [],
            "restore_date_time": null,
            "restore_source_name": null,
            "restore_to_latest_time": null,
            "server_side_encryption": [],
            "stream_arn": "arn:aws:dynamodb:eu-central-1:428652792036:table/iot-v8-events/stream/2024-03-10T12:35:25.712",
            "stream_enabled": true,
            "stream_label": "2024-03-10T12:35:25.712",
            "stream_view_type": "NEW_IMAGE",
            "table_class": "STANDARD",
            "tags": {},
            "tags_all": {},
            "timeouts": null,
            "ttl": [
              {
                "attribute_name": "event_date_ttl",
                "enabled": true
              }
            ],
            "write_capacity": 0
          },
          "sensitive_attributes": [],
          "private": "eyJlMmJmYjczMC1lY2FhLTExZTYtOGY4OC0zNDM2M2JjN2M0YzAiOnsiY3JlYXRlIjoxODAwMDAwMDAwMDAwLCJkZWxldGUiOjYwMDAwMDAwMDAwMCwidXBkYXRlIjozNjAwMDAwMDAwMDAwfSwic2NoZW1hX3ZlcnNpb24iOiIxIn0="
        }
      ]
    },
    {
      "mode": "managed",
      "type": "aws_iam_role",
      "name": "iot_v8_eventbridge_role",
      "provider": "provider[\"registry.terraform.io/hashicorp/aws\"]",
      "instances": [
        {
          "schema_version": 0,
          "attributes": {
            "arn": "arn:aws:iam::428652792036:role/iot-v8-eventbridge-role",
            "assume_role_policy": "{\"Statement\":[{\"Action\":\"sts:AssumeRole\",\"Effect\":\"Allow\",\"Principal\":{\"Service\":\"scheduler.amazonaws.com\"}}],\"Version\":\"2012-10-17\"}",
            "create_date": "2024-03-04T21:19:49Z",
            "description": "",
            "force_detach_policies": false,
            "id": "iot-v8-eventbridge-role",
            "inline_policy": [],
            "managed_policy_arns": [
              "arn:aws:iam::aws:policy/AWSLambdaInvocation-DynamoDB",
              "arn:aws:iam::aws:policy/service-role/AWSLambdaBasicExecutionRole"
            ],
            "max_session_duration": 3600,
            "name": "iot-v8-eventbridge-role",
            "name_prefix": "",
            "path": "/",
            "permissions_boundary": "",
            "tags": {},
            "tags_all": {},
            "unique_id": "AROAWHTNSRDSD6TEFUCD4"
          },
          "sensitive_attributes": [],
          "private": "bnVsbA=="
        }
      ]
    },
    {
      "mode": "managed",
      "type": "aws_iam_role",
      "name": "iot_v8_lambda_role",
      "provider": "provider[\"registry.terraform.io/hashicorp/aws\"]",
      "instances": [
        {
          "schema_version": 0,
          "attributes": {
            "arn": "arn:aws:iam::428652792036:role/iot-v8-lambda-role",
            "assume_role_policy": "{\"Statement\":[{\"Action\":\"sts:AssumeRole\",\"Effect\":\"Allow\",\"Principal\":{\"Service\":\"lambda.amazonaws.com\"}}],\"Version\":\"2012-10-17\"}",
            "create_date": "2024-03-04T21:19:49Z",
            "description": "",
            "force_detach_policies": false,
            "id": "iot-v8-lambda-role",
            "inline_policy": [],
            "managed_policy_arns": [
              "arn:aws:iam::aws:policy/AWSLambdaInvocation-DynamoDB",
              "arn:aws:iam::aws:policy/AmazonDynamoDBFullAccess",
              "arn:aws:iam::aws:policy/AmazonEventBridgeFullAccess",
              "arn:aws:iam::aws:policy/AmazonS3FullAccess",
              "arn:aws:iam::aws:policy/service-role/AWSLambdaBasicExecutionRole"
            ],
            "max_session_duration": 3600,
            "name": "iot-v8-lambda-role",
            "name_prefix": "",
            "path": "/",
            "permissions_boundary": "",
            "tags": {},
            "tags_all": {},
            "unique_id": "AROAWHTNSRDSMXAXUHCDA"
          },
          "sensitive_attributes": [],
          "private": "bnVsbA=="
        }
      ]
    },
    {
      "mode": "managed",
      "type": "aws_iam_role_policy_attachment",
      "name": "iot_v8_policy_eventbridge_execution",
      "provider": "provider[\"registry.terraform.io/hashicorp/aws\"]",
      "instances": [
        {
          "schema_version": 0,
          "attributes": {
            "id": "iot-v8-eventbridge-role-20240304211925764200000001",
            "policy_arn": "arn:aws:iam::aws:policy/service-role/AWSLambdaBasicExecutionRole",
            "role": "iot-v8-eventbridge-role"
          },
          "sensitive_attributes": [],
          "private": "bnVsbA==",
          "dependencies": [
            "aws_iam_role.iot_v8_eventbridge_role"
          ]
        }
      ]
    },
    {
      "mode": "managed",
      "type": "aws_iam_role_policy_attachment",
      "name": "iot_v8_policy_eventbridge_execution2",
      "provider": "provider[\"registry.terraform.io/hashicorp/aws\"]",
      "instances": [
        {
          "schema_version": 0,
          "attributes": {
            "id": "iot-v8-eventbridge-role-20240304211925772700000002",
            "policy_arn": "arn:aws:iam::aws:policy/AWSLambdaInvocation-DynamoDB",
            "role": "iot-v8-eventbridge-role"
          },
          "sensitive_attributes": [],
          "private": "bnVsbA==",
          "dependencies": [
            "aws_iam_role.iot_v8_eventbridge_role"
          ]
        }
      ]
    },
    {
      "mode": "managed",
      "type": "aws_iam_role_policy_attachment",
      "name": "iot_v8_policy_lambda_dynamo",
      "provider": "provider[\"registry.terraform.io/hashicorp/aws\"]",
      "instances": [
        {
          "schema_version": 0,
          "attributes": {
            "id": "iot-v8-lambda-role-20240304211926096900000007",
            "policy_arn": "arn:aws:iam::aws:policy/AmazonDynamoDBFullAccess",
            "role": "iot-v8-lambda-role"
          },
          "sensitive_attributes": [],
          "private": "bnVsbA==",
          "dependencies": [
            "aws_iam_role.iot_v8_lambda_role"
          ]
        }
      ]
    },
    {
      "mode": "managed",
      "type": "aws_iam_role_policy_attachment",
      "name": "iot_v8_policy_lambda_eventbridge",
      "provider": "provider[\"registry.terraform.io/hashicorp/aws\"]",
      "instances": [
        {
          "schema_version": 0,
          "attributes": {
            "id": "iot-v8-lambda-role-20240304211925812500000003",
            "policy_arn": "arn:aws:iam::aws:policy/AmazonEventBridgeFullAccess",
            "role": "iot-v8-lambda-role"
          },
          "sensitive_attributes": [],
          "private": "bnVsbA==",
          "dependencies": [
            "aws_iam_role.iot_v8_lambda_role"
          ]
        }
      ]
    },
    {
      "mode": "managed",
      "type": "aws_iam_role_policy_attachment",
      "name": "iot_v8_policy_lambda_execution",
      "provider": "provider[\"registry.terraform.io/hashicorp/aws\"]",
      "instances": [
        {
          "schema_version": 0,
          "attributes": {
            "id": "iot-v8-lambda-role-20240304211925936100000004",
            "policy_arn": "arn:aws:iam::aws:policy/service-role/AWSLambdaBasicExecutionRole",
            "role": "iot-v8-lambda-role"
          },
          "sensitive_attributes": [],
          "private": "bnVsbA==",
          "dependencies": [
            "aws_iam_role.iot_v8_lambda_role"
          ]
        }
      ]
    },
    {
      "mode": "managed",
      "type": "aws_iam_role_policy_attachment",
      "name": "iot_v8_policy_lambda_execution1",
      "provider": "provider[\"registry.terraform.io/hashicorp/aws\"]",
      "instances": [
        {
          "schema_version": 0,
          "attributes": {
            "id": "iot-v8-lambda-role-20240304211925942500000005",
            "policy_arn": "arn:aws:iam::aws:policy/AWSLambdaInvocation-DynamoDB",
            "role": "iot-v8-lambda-role"
          },
          "sensitive_attributes": [],
          "private": "bnVsbA==",
          "dependencies": [
            "aws_iam_role.iot_v8_lambda_role"
          ]
        }
      ]
    },
    {
      "mode": "managed",
      "type": "aws_iam_role_policy_attachment",
      "name": "iot_v8_policy_lambda_s3",
      "provider": "provider[\"registry.terraform.io/hashicorp/aws\"]",
      "instances": [
        {
          "schema_version": 0,
          "attributes": {
            "id": "iot-v8-lambda-role-20240304211925980300000006",
            "policy_arn": "arn:aws:iam::aws:policy/AmazonS3FullAccess",
            "role": "iot-v8-lambda-role"
          },
          "sensitive_attributes": [],
          "private": "bnVsbA==",
          "dependencies": [
            "aws_iam_role.iot_v8_lambda_role"
          ]
        }
      ]
    },
    {
      "mode": "managed",
      "type": "aws_lambda_function",
      "name": "iot_v8_lambda_main",
      "provider": "provider[\"registry.terraform.io/hashicorp/aws\"]",
      "instances": [
        {
          "index_key": "alarmEvent",
          "schema_version": 0,
          "attributes": {
            "architectures": [
              "x86_64"
            ],
            "arn": "arn:aws:lambda:eu-central-1:428652792036:function:iot-v8-alarm-event",
            "code_signing_config_arn": "",
            "dead_letter_config": [],
            "description": "",
            "environment": [
              {
                "variables": {
                  "AWS_DYNAMO_EVENTS_TABLE": "iot-v8-events",
                  "EVENTBRIDGE_ACTIONS_GROUP": "iot-v8-actions",
                  "EVENTBRIDGE_ACTIONS_LAMBDA": "",
                  "EVENTBRIDGE_ALARMS_GROUP": "iot-v8-alarms",
                  "EVENTBRIDGE_ALARMS_LAMBDA": "arn:aws:lambda:eu-central-1:428652792036:function:iot-v8-alarms-action",
                  "EVENTBRIDGE_ROLE": "arn:aws:iam::428652792036:role/iot-v8-eventbridge-role",
                  "RETENTION_DAYS": "14",
                  "S3_BUCKET": "iot-v8-bucket"
                }
              }
            ],
            "ephemeral_storage": [
              {
                "size": 512
              }
            ],
            "file_system_config": [],
            "filename": null,
            "function_name": "iot-v8-alarm-event",
            "handler": "events.alarm_event",
            "id": "iot-v8-alarm-event",
            "image_config": [],
            "image_uri": "",
            "invoke_arn": "arn:aws:apigateway:eu-central-1:lambda:path/2015-03-31/functions/arn:aws:lambda:eu-central-1:428652792036:function:iot-v8-alarm-event/invocations",
            "kms_key_arn": "",
            "last_modified": "2025-06-03T11:47:55.000+0000",
            "layers": [],
            "logging_config": [
              {
                "application_log_level": "",
                "log_format": "Text",
                "log_group": "/aws/lambda/iot-v8-alarm-event",
                "system_log_level": ""
              }
            ],
            "memory_size": 128,
            "package_type": "Zip",
            "publish": false,
            "qualified_arn": "arn:aws:lambda:eu-central-1:428652792036:function:iot-v8-alarm-event:$LATEST",
            "qualified_invoke_arn": "arn:aws:apigateway:eu-central-1:lambda:path/2015-03-31/functions/arn:aws:lambda:eu-central-1:428652792036:function:iot-v8-alarm-event:$LATEST/invocations",
            "replace_security_groups_on_destroy": null,
            "replacement_security_group_ids": null,
            "reserved_concurrent_executions": -1,
            "role": "arn:aws:iam::428652792036:role/iot-v8-lambda-role",
            "runtime": "python3.12",
            "s3_bucket": "iot-v8-bucket",
            "s3_key": "app.zip",
            "s3_object_version": null,
            "signing_job_arn": "",
            "signing_profile_version_arn": "",
            "skip_destroy": false,
            "snap_start": [],
            "source_code_hash": "Vfnq5CdsttmQwLJNKr/KGWjuH9l1QF44MnUdp8+dBZo=",
            "source_code_size": 1618936,
            "tags": {},
            "tags_all": {},
            "timeout": 25,
            "timeouts": null,
            "tracing_config": [
              {
                "mode": "PassThrough"
              }
            ],
            "version": "$LATEST",
            "vpc_config": []
          },
          "sensitive_attributes": [],
          "private": "eyJlMmJmYjczMC1lY2FhLTExZTYtOGY4OC0zNDM2M2JjN2M0YzAiOnsiY3JlYXRlIjo2MDAwMDAwMDAwMDAsImRlbGV0ZSI6NjAwMDAwMDAwMDAwLCJ1cGRhdGUiOjYwMDAwMDAwMDAwMH19",
          "dependencies": [
            "aws_dynamodb_table.iot_v8_events",
            "aws_iam_role.iot_v8_eventbridge_role",
            "aws_iam_role.iot_v8_lambda_role",
            "aws_s3_bucket.iot_v8_bucket",
            "aws_s3_object.iot_v8_s3_object",
            "data.archive_file.iot_v8_lambda_file"
          ]
        },
        {
          "index_key": "alarmsAction",
          "schema_version": 0,
          "attributes": {
            "architectures": [
              "x86_64"
            ],
            "arn": "arn:aws:lambda:eu-central-1:428652792036:function:iot-v8-alarms-action",
            "code_signing_config_arn": "",
            "dead_letter_config": [],
            "description": "",
            "environment": [
              {
                "variables": {
                  "AWS_DYNAMO_EVENTS_TABLE": "iot-v8-events",
                  "EVENTBRIDGE_ACTIONS_GROUP": "iot-v8-actions",
                  "EVENTBRIDGE_ACTIONS_LAMBDA": "",
                  "EVENTBRIDGE_ALARMS_GROUP": "iot-v8-alarms",
                  "EVENTBRIDGE_ALARMS_LAMBDA": "",
                  "EVENTBRIDGE_ROLE": "arn:aws:iam::428652792036:role/iot-v8-eventbridge-role",
                  "RETENTION_DAYS": "14",
                  "S3_BUCKET": "iot-v8-bucket"
                }
              }
            ],
            "ephemeral_storage": [
              {
                "size": 512
              }
            ],
            "file_system_config": [],
            "filename": null,
            "function_name": "iot-v8-alarms-action",
            "handler": "actions.alarms_action",
            "id": "iot-v8-alarms-action",
            "image_config": [],
            "image_uri": "",
            "invoke_arn": "arn:aws:apigateway:eu-central-1:lambda:path/2015-03-31/functions/arn:aws:lambda:eu-central-1:428652792036:function:iot-v8-alarms-action/invocations",
            "kms_key_arn": "",
            "last_modified": "2025-06-03T11:47:55.000+0000",
            "layers": [],
            "logging_config": [
              {
                "application_log_level": "",
                "log_format": "Text",
                "log_group": "/aws/lambda/iot-v8-alarms-action",
                "system_log_level": ""
              }
            ],
            "memory_size": 128,
            "package_type": "Zip",
            "publish": false,
            "qualified_arn": "arn:aws:lambda:eu-central-1:428652792036:function:iot-v8-alarms-action:$LATEST",
            "qualified_invoke_arn": "arn:aws:apigateway:eu-central-1:lambda:path/2015-03-31/functions/arn:aws:lambda:eu-central-1:428652792036:function:iot-v8-alarms-action:$LATEST/invocations",
            "replace_security_groups_on_destroy": null,
            "replacement_security_group_ids": null,
            "reserved_concurrent_executions": -1,
            "role": "arn:aws:iam::428652792036:role/iot-v8-lambda-role",
            "runtime": "python3.12",
            "s3_bucket": "iot-v8-bucket",
            "s3_key": "app.zip",
            "s3_object_version": null,
            "signing_job_arn": "",
            "signing_profile_version_arn": "",
            "skip_destroy": false,
            "snap_start": [],
            "source_code_hash": "Vfnq5CdsttmQwLJNKr/KGWjuH9l1QF44MnUdp8+dBZo=",
            "source_code_size": 1618936,
            "tags": {},
            "tags_all": {},
            "timeout": 25,
            "timeouts": null,
            "tracing_config": [
              {
                "mode": "PassThrough"
              }
            ],
            "version": "$LATEST",
            "vpc_config": []
          },
          "sensitive_attributes": [],
          "private": "eyJlMmJmYjczMC1lY2FhLTExZTYtOGY4OC0zNDM2M2JjN2M0YzAiOnsiY3JlYXRlIjo2MDAwMDAwMDAwMDAsImRlbGV0ZSI6NjAwMDAwMDAwMDAwLCJ1cGRhdGUiOjYwMDAwMDAwMDAwMH19",
          "dependencies": [
            "aws_dynamodb_table.iot_v8_events",
            "aws_iam_role.iot_v8_eventbridge_role",
            "aws_iam_role.iot_v8_lambda_role",
            "aws_s3_bucket.iot_v8_bucket",
            "aws_s3_object.iot_v8_s3_object",
            "data.archive_file.iot_v8_lambda_file"
          ]
        },
        {
          "index_key": "blindsAction",
          "schema_version": 0,
          "attributes": {
            "architectures": [
              "x86_64"
            ],
            "arn": "arn:aws:lambda:eu-central-1:428652792036:function:iot-v8-blinds-action",
            "code_signing_config_arn": "",
            "dead_letter_config": [],
            "description": "",
            "environment": [
              {
                "variables": {
                  "AWS_DYNAMO_EVENTS_TABLE": "iot-v8-events",
                  "EVENTBRIDGE_ACTIONS_GROUP": "iot-v8-actions",
                  "EVENTBRIDGE_ACTIONS_LAMBDA": "",
                  "EVENTBRIDGE_ALARMS_GROUP": "iot-v8-alarms",
                  "EVENTBRIDGE_ALARMS_LAMBDA": "",
                  "EVENTBRIDGE_ROLE": "arn:aws:iam::428652792036:role/iot-v8-eventbridge-role",
                  "RETENTION_DAYS": "14",
                  "S3_BUCKET": "iot-v8-bucket"
                }
              }
            ],
            "ephemeral_storage": [
              {
                "size": 512
              }
            ],
            "file_system_config": [],
            "filename": null,
            "function_name": "iot-v8-blinds-action",
            "handler": "actions.blinds_action",
            "id": "iot-v8-blinds-action",
            "image_config": [],
            "image_uri": "",
            "invoke_arn": "arn:aws:apigateway:eu-central-1:lambda:path/2015-03-31/functions/arn:aws:lambda:eu-central-1:428652792036:function:iot-v8-blinds-action/invocations",
            "kms_key_arn": "",
            "last_modified": "2025-06-03T11:47:55.000+0000",
            "layers": [],
            "logging_config": [
              {
                "application_log_level": "",
                "log_format": "Text",
                "log_group": "/aws/lambda/iot-v8-blinds-action",
                "system_log_level": ""
              }
            ],
            "memory_size": 128,
            "package_type": "Zip",
            "publish": false,
            "qualified_arn": "arn:aws:lambda:eu-central-1:428652792036:function:iot-v8-blinds-action:$LATEST",
            "qualified_invoke_arn": "arn:aws:apigateway:eu-central-1:lambda:path/2015-03-31/functions/arn:aws:lambda:eu-central-1:428652792036:function:iot-v8-blinds-action:$LATEST/invocations",
            "replace_security_groups_on_destroy": null,
            "replacement_security_group_ids": null,
            "reserved_concurrent_executions": -1,
            "role": "arn:aws:iam::428652792036:role/iot-v8-lambda-role",
            "runtime": "python3.12",
            "s3_bucket": "iot-v8-bucket",
            "s3_key": "app.zip",
            "s3_object_version": null,
            "signing_job_arn": "",
            "signing_profile_version_arn": "",
            "skip_destroy": false,
            "snap_start": [],
            "source_code_hash": "Vfnq5CdsttmQwLJNKr/KGWjuH9l1QF44MnUdp8+dBZo=",
            "source_code_size": 1618936,
            "tags": {},
            "tags_all": {},
            "timeout": 25,
            "timeouts": null,
            "tracing_config": [
              {
                "mode": "PassThrough"
              }
            ],
            "version": "$LATEST",
            "vpc_config": []
          },
          "sensitive_attributes": [],
          "private": "eyJlMmJmYjczMC1lY2FhLTExZTYtOGY4OC0zNDM2M2JjN2M0YzAiOnsiY3JlYXRlIjo2MDAwMDAwMDAwMDAsImRlbGV0ZSI6NjAwMDAwMDAwMDAwLCJ1cGRhdGUiOjYwMDAwMDAwMDAwMH19",
          "dependencies": [
            "aws_dynamodb_table.iot_v8_events",
            "aws_iam_role.iot_v8_eventbridge_role",
            "aws_iam_role.iot_v8_lambda_role",
            "aws_s3_bucket.iot_v8_bucket",
            "aws_s3_object.iot_v8_s3_object",
            "data.archive_file.iot_v8_lambda_file"
          ]
        },
        {
          "index_key": "blindsEvent",
          "schema_version": 0,
          "attributes": {
            "architectures": [
              "x86_64"
            ],
            "arn": "arn:aws:lambda:eu-central-1:428652792036:function:iot-v8-blinds-event",
            "code_signing_config_arn": "",
            "dead_letter_config": [],
            "description": "",
            "environment": [
              {
                "variables": {
                  "AWS_DYNAMO_EVENTS_TABLE": "iot-v8-events",
                  "EVENTBRIDGE_ACTIONS_GROUP": "iot-v8-actions",
                  "EVENTBRIDGE_ACTIONS_LAMBDA": "arn:aws:lambda:eu-central-1:428652792036:function:iot-v8-blinds-action",
                  "EVENTBRIDGE_ALARMS_GROUP": "iot-v8-alarms",
                  "EVENTBRIDGE_ALARMS_LAMBDA": "",
                  "EVENTBRIDGE_ROLE": "arn:aws:iam::428652792036:role/iot-v8-eventbridge-role",
                  "RETENTION_DAYS": "14",
                  "S3_BUCKET": "iot-v8-bucket"
                }
              }
            ],
            "ephemeral_storage": [
              {
                "size": 512
              }
            ],
            "file_system_config": [],
            "filename": null,
            "function_name": "iot-v8-blinds-event",
            "handler": "events.blinds_event",
            "id": "iot-v8-blinds-event",
            "image_config": [],
            "image_uri": "",
            "invoke_arn": "arn:aws:apigateway:eu-central-1:lambda:path/2015-03-31/functions/arn:aws:lambda:eu-central-1:428652792036:function:iot-v8-blinds-event/invocations",
            "kms_key_arn": "",
            "last_modified": "2025-06-03T11:47:55.000+0000",
            "layers": [],
            "logging_config": [
              {
                "application_log_level": "",
                "log_format": "Text",
                "log_group": "/aws/lambda/iot-v8-blinds-event",
                "system_log_level": ""
              }
            ],
            "memory_size": 128,
            "package_type": "Zip",
            "publish": false,
            "qualified_arn": "arn:aws:lambda:eu-central-1:428652792036:function:iot-v8-blinds-event:$LATEST",
            "qualified_invoke_arn": "arn:aws:apigateway:eu-central-1:lambda:path/2015-03-31/functions/arn:aws:lambda:eu-central-1:428652792036:function:iot-v8-blinds-event:$LATEST/invocations",
            "replace_security_groups_on_destroy": null,
            "replacement_security_group_ids": null,
            "reserved_concurrent_executions": -1,
            "role": "arn:aws:iam::428652792036:role/iot-v8-lambda-role",
            "runtime": "python3.12",
            "s3_bucket": "iot-v8-bucket",
            "s3_key": "app.zip",
            "s3_object_version": null,
            "signing_job_arn": "",
            "signing_profile_version_arn": "",
            "skip_destroy": false,
            "snap_start": [],
            "source_code_hash": "Vfnq5CdsttmQwLJNKr/KGWjuH9l1QF44MnUdp8+dBZo=",
            "source_code_size": 1618936,
            "tags": {},
            "tags_all": {},
            "timeout": 25,
            "timeouts": null,
            "tracing_config": [
              {
                "mode": "PassThrough"
              }
            ],
            "version": "$LATEST",
            "vpc_config": []
          },
          "sensitive_attributes": [],
          "private": "eyJlMmJmYjczMC1lY2FhLTExZTYtOGY4OC0zNDM2M2JjN2M0YzAiOnsiY3JlYXRlIjo2MDAwMDAwMDAwMDAsImRlbGV0ZSI6NjAwMDAwMDAwMDAwLCJ1cGRhdGUiOjYwMDAwMDAwMDAwMH19",
          "dependencies": [
            "aws_dynamodb_table.iot_v8_events",
            "aws_iam_role.iot_v8_eventbridge_role",
            "aws_iam_role.iot_v8_lambda_role",
            "aws_s3_bucket.iot_v8_bucket",
            "aws_s3_object.iot_v8_s3_object",
            "data.archive_file.iot_v8_lambda_file"
          ]
        },
        {
          "index_key": "configRetrieve",
          "schema_version": 0,
          "attributes": {
            "architectures": [
              "x86_64"
            ],
            "arn": "arn:aws:lambda:eu-central-1:428652792036:function:iot-v8-config-retrieve",
            "code_signing_config_arn": "",
            "dead_letter_config": [],
            "description": "",
            "environment": [
              {
                "variables": {
                  "AWS_DYNAMO_EVENTS_TABLE": "iot-v8-events",
                  "EVENTBRIDGE_ACTIONS_GROUP": "iot-v8-actions",
                  "EVENTBRIDGE_ACTIONS_LAMBDA": "",
                  "EVENTBRIDGE_ALARMS_GROUP": "iot-v8-alarms",
                  "EVENTBRIDGE_ALARMS_LAMBDA": "",
                  "EVENTBRIDGE_ROLE": "arn:aws:iam::428652792036:role/iot-v8-eventbridge-role",
                  "RETENTION_DAYS": "14",
                  "S3_BUCKET": "iot-v8-bucket"
                }
              }
            ],
            "ephemeral_storage": [
              {
                "size": 512
              }
            ],
            "file_system_config": [],
            "filename": null,
            "function_name": "iot-v8-config-retrieve",
            "handler": "config.config_retrieve",
            "id": "iot-v8-config-retrieve",
            "image_config": [],
            "image_uri": "",
            "invoke_arn": "arn:aws:apigateway:eu-central-1:lambda:path/2015-03-31/functions/arn:aws:lambda:eu-central-1:428652792036:function:iot-v8-config-retrieve/invocations",
            "kms_key_arn": "",
            "last_modified": "2025-06-03T11:48:06.000+0000",
            "layers": [],
            "logging_config": [
              {
                "application_log_level": "",
                "log_format": "Text",
                "log_group": "/aws/lambda/iot-v8-config-retrieve",
                "system_log_level": ""
              }
            ],
            "memory_size": 128,
            "package_type": "Zip",
            "publish": false,
            "qualified_arn": "arn:aws:lambda:eu-central-1:428652792036:function:iot-v8-config-retrieve:$LATEST",
            "qualified_invoke_arn": "arn:aws:apigateway:eu-central-1:lambda:path/2015-03-31/functions/arn:aws:lambda:eu-central-1:428652792036:function:iot-v8-config-retrieve:$LATEST/invocations",
            "replace_security_groups_on_destroy": null,
            "replacement_security_group_ids": null,
            "reserved_concurrent_executions": -1,
            "role": "arn:aws:iam::428652792036:role/iot-v8-lambda-role",
            "runtime": "python3.12",
            "s3_bucket": "iot-v8-bucket",
            "s3_key": "app.zip",
            "s3_object_version": null,
            "signing_job_arn": "",
            "signing_profile_version_arn": "",
            "skip_destroy": false,
            "snap_start": [],
            "source_code_hash": "Vfnq5CdsttmQwLJNKr/KGWjuH9l1QF44MnUdp8+dBZo=",
            "source_code_size": 1618936,
            "tags": {},
            "tags_all": {},
            "timeout": 25,
            "timeouts": null,
            "tracing_config": [
              {
                "mode": "PassThrough"
              }
            ],
            "version": "$LATEST",
            "vpc_config": []
          },
          "sensitive_attributes": [],
          "private": "eyJlMmJmYjczMC1lY2FhLTExZTYtOGY4OC0zNDM2M2JjN2M0YzAiOnsiY3JlYXRlIjo2MDAwMDAwMDAwMDAsImRlbGV0ZSI6NjAwMDAwMDAwMDAwLCJ1cGRhdGUiOjYwMDAwMDAwMDAwMH19",
          "dependencies": [
            "aws_dynamodb_table.iot_v8_events",
            "aws_iam_role.iot_v8_eventbridge_role",
            "aws_iam_role.iot_v8_lambda_role",
            "aws_s3_bucket.iot_v8_bucket",
            "aws_s3_object.iot_v8_s3_object",
            "data.archive_file.iot_v8_lambda_file"
          ]
        },
        {
          "index_key": "configStore",
          "schema_version": 0,
          "attributes": {
            "architectures": [
              "x86_64"
            ],
            "arn": "arn:aws:lambda:eu-central-1:428652792036:function:iot-v8-config-store",
            "code_signing_config_arn": "",
            "dead_letter_config": [],
            "description": "",
            "environment": [
              {
                "variables": {
                  "AWS_DYNAMO_EVENTS_TABLE": "iot-v8-events",
                  "EVENTBRIDGE_ACTIONS_GROUP": "iot-v8-actions",
                  "EVENTBRIDGE_ACTIONS_LAMBDA": "",
                  "EVENTBRIDGE_ALARMS_GROUP": "iot-v8-alarms",
                  "EVENTBRIDGE_ALARMS_LAMBDA": "",
                  "EVENTBRIDGE_ROLE": "arn:aws:iam::428652792036:role/iot-v8-eventbridge-role",
                  "RETENTION_DAYS": "14",
                  "S3_BUCKET": "iot-v8-bucket"
                }
              }
            ],
            "ephemeral_storage": [
              {
                "size": 512
              }
            ],
            "file_system_config": [],
            "filename": null,
            "function_name": "iot-v8-config-store",
            "handler": "config.config_store",
            "id": "iot-v8-config-store",
            "image_config": [],
            "image_uri": "",
            "invoke_arn": "arn:aws:apigateway:eu-central-1:lambda:path/2015-03-31/functions/arn:aws:lambda:eu-central-1:428652792036:function:iot-v8-config-store/invocations",
            "kms_key_arn": "",
            "last_modified": "2025-06-03T11:47:55.000+0000",
            "layers": [],
            "logging_config": [
              {
                "application_log_level": "",
                "log_format": "Text",
                "log_group": "/aws/lambda/iot-v8-config-store",
                "system_log_level": ""
              }
            ],
            "memory_size": 128,
            "package_type": "Zip",
            "publish": false,
            "qualified_arn": "arn:aws:lambda:eu-central-1:428652792036:function:iot-v8-config-store:$LATEST",
            "qualified_invoke_arn": "arn:aws:apigateway:eu-central-1:lambda:path/2015-03-31/functions/arn:aws:lambda:eu-central-1:428652792036:function:iot-v8-config-store:$LATEST/invocations",
            "replace_security_groups_on_destroy": null,
            "replacement_security_group_ids": null,
            "reserved_concurrent_executions": -1,
            "role": "arn:aws:iam::428652792036:role/iot-v8-lambda-role",
            "runtime": "python3.12",
            "s3_bucket": "iot-v8-bucket",
            "s3_key": "app.zip",
            "s3_object_version": null,
            "signing_job_arn": "",
            "signing_profile_version_arn": "",
            "skip_destroy": false,
            "snap_start": [],
            "source_code_hash": "Vfnq5CdsttmQwLJNKr/KGWjuH9l1QF44MnUdp8+dBZo=",
            "source_code_size": 1618936,
            "tags": {},
            "tags_all": {},
            "timeout": 25,
            "timeouts": null,
            "tracing_config": [
              {
                "mode": "PassThrough"
              }
            ],
            "version": "$LATEST",
            "vpc_config": []
          },
          "sensitive_attributes": [],
          "private": "eyJlMmJmYjczMC1lY2FhLTExZTYtOGY4OC0zNDM2M2JjN2M0YzAiOnsiY3JlYXRlIjo2MDAwMDAwMDAwMDAsImRlbGV0ZSI6NjAwMDAwMDAwMDAwLCJ1cGRhdGUiOjYwMDAwMDAwMDAwMH19",
          "dependencies": [
            "aws_dynamodb_table.iot_v8_events",
            "aws_iam_role.iot_v8_eventbridge_role",
            "aws_iam_role.iot_v8_lambda_role",
            "aws_s3_bucket.iot_v8_bucket",
            "aws_s3_object.iot_v8_s3_object",
            "data.archive_file.iot_v8_lambda_file"
          ]
        },
        {
          "index_key": "deleteActions",
          "schema_version": 0,
          "attributes": {
            "architectures": [
              "x86_64"
            ],
            "arn": "arn:aws:lambda:eu-central-1:428652792036:function:iot-v8-delete-Actions",
            "code_signing_config_arn": "",
            "dead_letter_config": [],
            "description": "",
            "environment": [
              {
                "variables": {
                  "AWS_DYNAMO_EVENTS_TABLE": "iot-v8-events",
                  "EVENTBRIDGE_ACTIONS_GROUP": "iot-v8-actions",
                  "EVENTBRIDGE_ACTIONS_LAMBDA": "",
                  "EVENTBRIDGE_ALARMS_GROUP": "iot-v8-alarms",
                  "EVENTBRIDGE_ALARMS_LAMBDA": "",
                  "EVENTBRIDGE_ROLE": "arn:aws:iam::428652792036:role/iot-v8-eventbridge-role",
                  "RETENTION_DAYS": "14",
                  "S3_BUCKET": "iot-v8-bucket"
                }
              }
            ],
            "ephemeral_storage": [
              {
                "size": 512
              }
            ],
            "file_system_config": [],
            "filename": null,
            "function_name": "iot-v8-delete-Actions",
            "handler": "events.delete_actions",
            "id": "iot-v8-delete-Actions",
            "image_config": [],
            "image_uri": "",
            "invoke_arn": "arn:aws:apigateway:eu-central-1:lambda:path/2015-03-31/functions/arn:aws:lambda:eu-central-1:428652792036:function:iot-v8-delete-Actions/invocations",
            "kms_key_arn": "",
            "last_modified": "2025-06-03T11:47:55.000+0000",
            "layers": [],
            "logging_config": [
              {
                "application_log_level": "",
                "log_format": "Text",
                "log_group": "/aws/lambda/iot-v8-delete-Actions",
                "system_log_level": ""
              }
            ],
            "memory_size": 128,
            "package_type": "Zip",
            "publish": false,
            "qualified_arn": "arn:aws:lambda:eu-central-1:428652792036:function:iot-v8-delete-Actions:$LATEST",
            "qualified_invoke_arn": "arn:aws:apigateway:eu-central-1:lambda:path/2015-03-31/functions/arn:aws:lambda:eu-central-1:428652792036:function:iot-v8-delete-Actions:$LATEST/invocations",
            "replace_security_groups_on_destroy": null,
            "replacement_security_group_ids": null,
            "reserved_concurrent_executions": -1,
            "role": "arn:aws:iam::428652792036:role/iot-v8-lambda-role",
            "runtime": "python3.12",
            "s3_bucket": "iot-v8-bucket",
            "s3_key": "app.zip",
            "s3_object_version": null,
            "signing_job_arn": "",
            "signing_profile_version_arn": "",
            "skip_destroy": false,
            "snap_start": [],
            "source_code_hash": "Vfnq5CdsttmQwLJNKr/KGWjuH9l1QF44MnUdp8+dBZo=",
            "source_code_size": 1618936,
            "tags": {},
            "tags_all": {},
            "timeout": 25,
            "timeouts": null,
            "tracing_config": [
              {
                "mode": "PassThrough"
              }
            ],
            "version": "$LATEST",
            "vpc_config": []
          },
          "sensitive_attributes": [],
          "private": "eyJlMmJmYjczMC1lY2FhLTExZTYtOGY4OC0zNDM2M2JjN2M0YzAiOnsiY3JlYXRlIjo2MDAwMDAwMDAwMDAsImRlbGV0ZSI6NjAwMDAwMDAwMDAwLCJ1cGRhdGUiOjYwMDAwMDAwMDAwMH19",
          "dependencies": [
            "aws_dynamodb_table.iot_v8_events",
            "aws_iam_role.iot_v8_eventbridge_role",
            "aws_iam_role.iot_v8_lambda_role",
            "aws_s3_bucket.iot_v8_bucket",
            "aws_s3_object.iot_v8_s3_object",
            "data.archive_file.iot_v8_lambda_file"
          ]
        },
        {
          "index_key": "deleteAlarms",
          "schema_version": 0,
          "attributes": {
            "architectures": [
              "x86_64"
            ],
            "arn": "arn:aws:lambda:eu-central-1:428652792036:function:iot-v8-delete-alarms",
            "code_signing_config_arn": "",
            "dead_letter_config": [],
            "description": "",
            "environment": [
              {
                "variables": {
                  "AWS_DYNAMO_EVENTS_TABLE": "iot-v8-events",
                  "EVENTBRIDGE_ACTIONS_GROUP": "iot-v8-actions",
                  "EVENTBRIDGE_ACTIONS_LAMBDA": "",
                  "EVENTBRIDGE_ALARMS_GROUP": "iot-v8-alarms",
                  "EVENTBRIDGE_ALARMS_LAMBDA": "",
                  "EVENTBRIDGE_ROLE": "arn:aws:iam::428652792036:role/iot-v8-eventbridge-role",
                  "RETENTION_DAYS": "14",
                  "S3_BUCKET": "iot-v8-bucket"
                }
              }
            ],
            "ephemeral_storage": [
              {
                "size": 512
              }
            ],
            "file_system_config": [],
            "filename": null,
            "function_name": "iot-v8-delete-alarms",
            "handler": "events.delete_alarms",
            "id": "iot-v8-delete-alarms",
            "image_config": [],
            "image_uri": "",
            "invoke_arn": "arn:aws:apigateway:eu-central-1:lambda:path/2015-03-31/functions/arn:aws:lambda:eu-central-1:428652792036:function:iot-v8-delete-alarms/invocations",
            "kms_key_arn": "",
            "last_modified": "2025-06-03T11:48:06.000+0000",
            "layers": [],
            "logging_config": [
              {
                "application_log_level": "",
                "log_format": "Text",
                "log_group": "/aws/lambda/iot-v8-delete-alarms",
                "system_log_level": ""
              }
            ],
            "memory_size": 128,
            "package_type": "Zip",
            "publish": false,
            "qualified_arn": "arn:aws:lambda:eu-central-1:428652792036:function:iot-v8-delete-alarms:$LATEST",
            "qualified_invoke_arn": "arn:aws:apigateway:eu-central-1:lambda:path/2015-03-31/functions/arn:aws:lambda:eu-central-1:428652792036:function:iot-v8-delete-alarms:$LATEST/invocations",
            "replace_security_groups_on_destroy": null,
            "replacement_security_group_ids": null,
            "reserved_concurrent_executions": -1,
            "role": "arn:aws:iam::428652792036:role/iot-v8-lambda-role",
            "runtime": "python3.12",
            "s3_bucket": "iot-v8-bucket",
            "s3_key": "app.zip",
            "s3_object_version": null,
            "signing_job_arn": "",
            "signing_profile_version_arn": "",
            "skip_destroy": false,
            "snap_start": [],
            "source_code_hash": "Vfnq5CdsttmQwLJNKr/KGWjuH9l1QF44MnUdp8+dBZo=",
            "source_code_size": 1618936,
            "tags": {},
            "tags_all": {},
            "timeout": 25,
            "timeouts": null,
            "tracing_config": [
              {
                "mode": "PassThrough"
              }
            ],
            "version": "$LATEST",
            "vpc_config": []
          },
          "sensitive_attributes": [],
          "private": "eyJlMmJmYjczMC1lY2FhLTExZTYtOGY4OC0zNDM2M2JjN2M0YzAiOnsiY3JlYXRlIjo2MDAwMDAwMDAwMDAsImRlbGV0ZSI6NjAwMDAwMDAwMDAwLCJ1cGRhdGUiOjYwMDAwMDAwMDAwMH19",
          "dependencies": [
            "aws_dynamodb_table.iot_v8_events",
            "aws_iam_role.iot_v8_eventbridge_role",
            "aws_iam_role.iot_v8_lambda_role",
            "aws_s3_bucket.iot_v8_bucket",
            "aws_s3_object.iot_v8_s3_object",
            "data.archive_file.iot_v8_lambda_file"
          ]
        },
        {
          "index_key": "getEvents",
          "schema_version": 0,
          "attributes": {
            "architectures": [
              "x86_64"
            ],
            "arn": "arn:aws:lambda:eu-central-1:428652792036:function:iot-v8-get-events",
            "code_signing_config_arn": "",
            "dead_letter_config": [],
            "description": "",
            "environment": [
              {
                "variables": {
                  "AWS_DYNAMO_EVENTS_TABLE": "iot-v8-events",
                  "EVENTBRIDGE_ACTIONS_GROUP": "iot-v8-actions",
                  "EVENTBRIDGE_ACTIONS_LAMBDA": "",
                  "EVENTBRIDGE_ALARMS_GROUP": "iot-v8-alarms",
                  "EVENTBRIDGE_ALARMS_LAMBDA": "",
                  "EVENTBRIDGE_ROLE": "arn:aws:iam::428652792036:role/iot-v8-eventbridge-role",
                  "RETENTION_DAYS": "14",
                  "S3_BUCKET": "iot-v8-bucket"
                }
              }
            ],
            "ephemeral_storage": [
              {
                "size": 512
              }
            ],
            "file_system_config": [],
            "filename": null,
            "function_name": "iot-v8-get-events",
            "handler": "events.get_events",
            "id": "iot-v8-get-events",
            "image_config": [],
            "image_uri": "",
            "invoke_arn": "arn:aws:apigateway:eu-central-1:lambda:path/2015-03-31/functions/arn:aws:lambda:eu-central-1:428652792036:function:iot-v8-get-events/invocations",
            "kms_key_arn": "",
            "last_modified": "2025-06-03T11:47:55.000+0000",
            "layers": [],
            "logging_config": [
              {
                "application_log_level": "",
                "log_format": "Text",
                "log_group": "/aws/lambda/iot-v8-get-events",
                "system_log_level": ""
              }
            ],
            "memory_size": 128,
            "package_type": "Zip",
            "publish": false,
            "qualified_arn": "arn:aws:lambda:eu-central-1:428652792036:function:iot-v8-get-events:$LATEST",
            "qualified_invoke_arn": "arn:aws:apigateway:eu-central-1:lambda:path/2015-03-31/functions/arn:aws:lambda:eu-central-1:428652792036:function:iot-v8-get-events:$LATEST/invocations",
            "replace_security_groups_on_destroy": null,
            "replacement_security_group_ids": null,
            "reserved_concurrent_executions": -1,
            "role": "arn:aws:iam::428652792036:role/iot-v8-lambda-role",
            "runtime": "python3.12",
            "s3_bucket": "iot-v8-bucket",
            "s3_key": "app.zip",
            "s3_object_version": null,
            "signing_job_arn": "",
            "signing_profile_version_arn": "",
            "skip_destroy": false,
            "snap_start": [],
            "source_code_hash": "Vfnq5CdsttmQwLJNKr/KGWjuH9l1QF44MnUdp8+dBZo=",
            "source_code_size": 1618936,
            "tags": {},
            "tags_all": {},
            "timeout": 25,
            "timeouts": null,
            "tracing_config": [
              {
                "mode": "PassThrough"
              }
            ],
            "version": "$LATEST",
            "vpc_config": []
          },
          "sensitive_attributes": [],
          "private": "eyJlMmJmYjczMC1lY2FhLTExZTYtOGY4OC0zNDM2M2JjN2M0YzAiOnsiY3JlYXRlIjo2MDAwMDAwMDAwMDAsImRlbGV0ZSI6NjAwMDAwMDAwMDAwLCJ1cGRhdGUiOjYwMDAwMDAwMDAwMH19",
          "dependencies": [
            "aws_dynamodb_table.iot_v8_events",
            "aws_iam_role.iot_v8_eventbridge_role",
            "aws_iam_role.iot_v8_lambda_role",
            "aws_s3_bucket.iot_v8_bucket",
            "aws_s3_object.iot_v8_s3_object",
            "data.archive_file.iot_v8_lambda_file"
          ]
        },
        {
          "index_key": "irrigationAction",
          "schema_version": 0,
          "attributes": {
            "architectures": [
              "x86_64"
            ],
            "arn": "arn:aws:lambda:eu-central-1:428652792036:function:iot-v8-irrigation-action",
            "code_signing_config_arn": "",
            "dead_letter_config": [],
            "description": "",
            "environment": [
              {
                "variables": {
                  "AWS_DYNAMO_EVENTS_TABLE": "iot-v8-events",
                  "EVENTBRIDGE_ACTIONS_GROUP": "iot-v8-actions",
                  "EVENTBRIDGE_ACTIONS_LAMBDA": "",
                  "EVENTBRIDGE_ALARMS_GROUP": "iot-v8-alarms",
                  "EVENTBRIDGE_ALARMS_LAMBDA": "",
                  "EVENTBRIDGE_ROLE": "arn:aws:iam::428652792036:role/iot-v8-eventbridge-role",
                  "RETENTION_DAYS": "14",
                  "S3_BUCKET": "iot-v8-bucket"
                }
              }
            ],
            "ephemeral_storage": [
              {
                "size": 512
              }
            ],
            "file_system_config": [],
            "filename": null,
            "function_name": "iot-v8-irrigation-action",
            "handler": "actions.irrigation_action",
            "id": "iot-v8-irrigation-action",
            "image_config": [],
            "image_uri": "",
            "invoke_arn": "arn:aws:apigateway:eu-central-1:lambda:path/2015-03-31/functions/arn:aws:lambda:eu-central-1:428652792036:function:iot-v8-irrigation-action/invocations",
            "kms_key_arn": "",
            "last_modified": "2025-06-03T11:47:55.000+0000",
            "layers": [],
            "logging_config": [
              {
                "application_log_level": "",
                "log_format": "Text",
                "log_group": "/aws/lambda/iot-v8-irrigation-action",
                "system_log_level": ""
              }
            ],
            "memory_size": 128,
            "package_type": "Zip",
            "publish": false,
            "qualified_arn": "arn:aws:lambda:eu-central-1:428652792036:function:iot-v8-irrigation-action:$LATEST",
            "qualified_invoke_arn": "arn:aws:apigateway:eu-central-1:lambda:path/2015-03-31/functions/arn:aws:lambda:eu-central-1:428652792036:function:iot-v8-irrigation-action:$LATEST/invocations",
            "replace_security_groups_on_destroy": null,
            "replacement_security_group_ids": null,
            "reserved_concurrent_executions": -1,
            "role": "arn:aws:iam::428652792036:role/iot-v8-lambda-role",
            "runtime": "python3.12",
            "s3_bucket": "iot-v8-bucket",
            "s3_key": "app.zip",
            "s3_object_version": null,
            "signing_job_arn": "",
            "signing_profile_version_arn": "",
            "skip_destroy": false,
            "snap_start": [],
            "source_code_hash": "Vfnq5CdsttmQwLJNKr/KGWjuH9l1QF44MnUdp8+dBZo=",
            "source_code_size": 1618936,
            "tags": {},
            "tags_all": {},
            "timeout": 25,
            "timeouts": null,
            "tracing_config": [
              {
                "mode": "PassThrough"
              }
            ],
            "version": "$LATEST",
            "vpc_config": []
          },
          "sensitive_attributes": [],
          "private": "eyJlMmJmYjczMC1lY2FhLTExZTYtOGY4OC0zNDM2M2JjN2M0YzAiOnsiY3JlYXRlIjo2MDAwMDAwMDAwMDAsImRlbGV0ZSI6NjAwMDAwMDAwMDAwLCJ1cGRhdGUiOjYwMDAwMDAwMDAwMH19",
          "dependencies": [
            "aws_dynamodb_table.iot_v8_events",
            "aws_iam_role.iot_v8_eventbridge_role",
            "aws_iam_role.iot_v8_lambda_role",
            "aws_s3_bucket.iot_v8_bucket",
            "aws_s3_object.iot_v8_s3_object",
            "data.archive_file.iot_v8_lambda_file"
          ]
        },
        {
          "index_key": "irrigationEvent",
          "schema_version": 0,
          "attributes": {
            "architectures": [
              "x86_64"
            ],
            "arn": "arn:aws:lambda:eu-central-1:428652792036:function:iot-v8-irrigation-event",
            "code_signing_config_arn": "",
            "dead_letter_config": [],
            "description": "",
            "environment": [
              {
                "variables": {
                  "AWS_DYNAMO_EVENTS_TABLE": "iot-v8-events",
                  "EVENTBRIDGE_ACTIONS_GROUP": "iot-v8-actions",
                  "EVENTBRIDGE_ACTIONS_LAMBDA": "arn:aws:lambda:eu-central-1:428652792036:function:iot-v8-irrigation-action",
                  "EVENTBRIDGE_ALARMS_GROUP": "iot-v8-alarms",
                  "EVENTBRIDGE_ALARMS_LAMBDA": "",
                  "EVENTBRIDGE_ROLE": "arn:aws:iam::428652792036:role/iot-v8-eventbridge-role",
                  "RETENTION_DAYS": "14",
                  "S3_BUCKET": "iot-v8-bucket"
                }
              }
            ],
            "ephemeral_storage": [
              {
                "size": 512
              }
            ],
            "file_system_config": [],
            "filename": null,
            "function_name": "iot-v8-irrigation-event",
            "handler": "events.irrigation_event",
            "id": "iot-v8-irrigation-event",
            "image_config": [],
            "image_uri": "",
            "invoke_arn": "arn:aws:apigateway:eu-central-1:lambda:path/2015-03-31/functions/arn:aws:lambda:eu-central-1:428652792036:function:iot-v8-irrigation-event/invocations",
            "kms_key_arn": "",
            "last_modified": "2025-06-03T11:47:55.000+0000",
            "layers": [],
            "logging_config": [
              {
                "application_log_level": "",
                "log_format": "Text",
                "log_group": "/aws/lambda/iot-v8-irrigation-event",
                "system_log_level": ""
              }
            ],
            "memory_size": 128,
            "package_type": "Zip",
            "publish": false,
            "qualified_arn": "arn:aws:lambda:eu-central-1:428652792036:function:iot-v8-irrigation-event:$LATEST",
            "qualified_invoke_arn": "arn:aws:apigateway:eu-central-1:lambda:path/2015-03-31/functions/arn:aws:lambda:eu-central-1:428652792036:function:iot-v8-irrigation-event:$LATEST/invocations",
            "replace_security_groups_on_destroy": null,
            "replacement_security_group_ids": null,
            "reserved_concurrent_executions": -1,
            "role": "arn:aws:iam::428652792036:role/iot-v8-lambda-role",
            "runtime": "python3.12",
            "s3_bucket": "iot-v8-bucket",
            "s3_key": "app.zip",
            "s3_object_version": null,
            "signing_job_arn": "",
            "signing_profile_version_arn": "",
            "skip_destroy": false,
            "snap_start": [],
            "source_code_hash": "Vfnq5CdsttmQwLJNKr/KGWjuH9l1QF44MnUdp8+dBZo=",
            "source_code_size": 1618936,
            "tags": {},
            "tags_all": {},
            "timeout": 25,
            "timeouts": null,
            "tracing_config": [
              {
                "mode": "PassThrough"
              }
            ],
            "version": "$LATEST",
            "vpc_config": []
          },
          "sensitive_attributes": [],
          "private": "eyJlMmJmYjczMC1lY2FhLTExZTYtOGY4OC0zNDM2M2JjN2M0YzAiOnsiY3JlYXRlIjo2MDAwMDAwMDAwMDAsImRlbGV0ZSI6NjAwMDAwMDAwMDAwLCJ1cGRhdGUiOjYwMDAwMDAwMDAwMH19",
          "dependencies": [
            "aws_dynamodb_table.iot_v8_events",
            "aws_iam_role.iot_v8_eventbridge_role",
            "aws_iam_role.iot_v8_lambda_role",
            "aws_s3_bucket.iot_v8_bucket",
            "aws_s3_object.iot_v8_s3_object",
            "data.archive_file.iot_v8_lambda_file"
          ]
        },
        {
          "index_key": "rainEvent",
          "schema_version": 0,
          "attributes": {
            "architectures": [
              "x86_64"
            ],
            "arn": "arn:aws:lambda:eu-central-1:428652792036:function:iot-v8-rain-event",
            "code_signing_config_arn": "",
            "dead_letter_config": [],
            "description": "",
            "environment": [
              {
                "variables": {
                  "AWS_DYNAMO_EVENTS_TABLE": "iot-v8-events",
                  "EVENTBRIDGE_ACTIONS_GROUP": "iot-v8-actions",
                  "EVENTBRIDGE_ACTIONS_LAMBDA": "arn:aws:lambda:eu-central-1:428652792036:function:iot-v8-blinds-action",
                  "EVENTBRIDGE_ALARMS_GROUP": "iot-v8-alarms",
                  "EVENTBRIDGE_ALARMS_LAMBDA": "",
                  "EVENTBRIDGE_ROLE": "arn:aws:iam::428652792036:role/iot-v8-eventbridge-role",
                  "RETENTION_DAYS": "14",
                  "S3_BUCKET": "iot-v8-bucket"
                }
              }
            ],
            "ephemeral_storage": [
              {
                "size": 512
              }
            ],
            "file_system_config": [],
            "filename": null,
            "function_name": "iot-v8-rain-event",
            "handler": "events.rain_event",
            "id": "iot-v8-rain-event",
            "image_config": [],
            "image_uri": "",
            "invoke_arn": "arn:aws:apigateway:eu-central-1:lambda:path/2015-03-31/functions/arn:aws:lambda:eu-central-1:428652792036:function:iot-v8-rain-event/invocations",
            "kms_key_arn": "",
            "last_modified": "2025-06-03T11:47:55.000+0000",
            "layers": [],
            "logging_config": [
              {
                "application_log_level": "",
                "log_format": "Text",
                "log_group": "/aws/lambda/iot-v8-rain-event",
                "system_log_level": ""
              }
            ],
            "memory_size": 128,
            "package_type": "Zip",
            "publish": false,
            "qualified_arn": "arn:aws:lambda:eu-central-1:428652792036:function:iot-v8-rain-event:$LATEST",
            "qualified_invoke_arn": "arn:aws:apigateway:eu-central-1:lambda:path/2015-03-31/functions/arn:aws:lambda:eu-central-1:428652792036:function:iot-v8-rain-event:$LATEST/invocations",
            "replace_security_groups_on_destroy": null,
            "replacement_security_group_ids": null,
            "reserved_concurrent_executions": -1,
            "role": "arn:aws:iam::428652792036:role/iot-v8-lambda-role",
            "runtime": "python3.12",
            "s3_bucket": "iot-v8-bucket",
            "s3_key": "app.zip",
            "s3_object_version": null,
            "signing_job_arn": "",
            "signing_profile_version_arn": "",
            "skip_destroy": false,
            "snap_start": [],
            "source_code_hash": "Vfnq5CdsttmQwLJNKr/KGWjuH9l1QF44MnUdp8+dBZo=",
            "source_code_size": 1618936,
            "tags": {},
            "tags_all": {},
            "timeout": 25,
            "timeouts": null,
            "tracing_config": [
              {
                "mode": "PassThrough"
              }
            ],
            "version": "$LATEST",
            "vpc_config": []
          },
          "sensitive_attributes": [],
          "private": "eyJlMmJmYjczMC1lY2FhLTExZTYtOGY4OC0zNDM2M2JjN2M0YzAiOnsiY3JlYXRlIjo2MDAwMDAwMDAwMDAsImRlbGV0ZSI6NjAwMDAwMDAwMDAwLCJ1cGRhdGUiOjYwMDAwMDAwMDAwMH19",
          "dependencies": [
            "aws_dynamodb_table.iot_v8_events",
            "aws_iam_role.iot_v8_eventbridge_role",
            "aws_iam_role.iot_v8_lambda_role",
            "aws_s3_bucket.iot_v8_bucket",
            "aws_s3_object.iot_v8_s3_object",
            "data.archive_file.iot_v8_lambda_file"
          ]
        }
      ]
    },
    {
      "mode": "managed",
      "type": "aws_lambda_permission",
      "name": "iot_v8_api_gw_permission",
      "provider": "provider[\"registry.terraform.io/hashicorp/aws\"]",
      "instances": [
        {
          "index_key": "alarmEvent",
          "schema_version": 0,
          "attributes": {
            "action": "lambda:InvokeFunction",
            "event_source_token": null,
            "function_name": "iot-v8-alarm-event",
            "function_url_auth_type": null,
            "id": "AllowExecutionFromAPIGateway",
            "principal": "apigateway.amazonaws.com",
            "principal_org_id": null,
            "qualifier": "",
            "source_account": null,
            "source_arn": "arn:aws:execute-api:eu-central-1:428652792036:rdl8aicte9/*/*",
            "statement_id": "AllowExecutionFromAPIGateway",
            "statement_id_prefix": ""
          },
          "sensitive_attributes": [],
          "private": "bnVsbA==",
          "dependencies": [
            "aws_apigatewayv2_api.iot_v8_api_gw_api",
            "aws_dynamodb_table.iot_v8_events",
            "aws_iam_role.iot_v8_eventbridge_role",
            "aws_iam_role.iot_v8_lambda_role",
            "aws_lambda_function.iot_v8_lambda_main",
            "aws_s3_bucket.iot_v8_bucket",
            "aws_s3_object.iot_v8_s3_object",
            "data.archive_file.iot_v8_lambda_file"
          ]
        },
        {
          "index_key": "alarmsAction",
          "schema_version": 0,
          "attributes": {
            "action": "lambda:InvokeFunction",
            "event_source_token": null,
            "function_name": "iot-v8-alarms-action",
            "function_url_auth_type": null,
            "id": "AllowExecutionFromAPIGateway",
            "principal": "apigateway.amazonaws.com",
            "principal_org_id": null,
            "qualifier": "",
            "source_account": null,
            "source_arn": "arn:aws:execute-api:eu-central-1:428652792036:rdl8aicte9/*/*",
            "statement_id": "AllowExecutionFromAPIGateway",
            "statement_id_prefix": ""
          },
          "sensitive_attributes": [],
          "private": "bnVsbA==",
          "dependencies": [
            "aws_apigatewayv2_api.iot_v8_api_gw_api",
            "aws_dynamodb_table.iot_v8_events",
            "aws_iam_role.iot_v8_eventbridge_role",
            "aws_iam_role.iot_v8_lambda_role",
            "aws_lambda_function.iot_v8_lambda_main",
            "aws_s3_bucket.iot_v8_bucket",
            "aws_s3_object.iot_v8_s3_object",
            "data.archive_file.iot_v8_lambda_file"
          ]
        },
        {
          "index_key": "blindsAction",
          "schema_version": 0,
          "attributes": {
            "action": "lambda:InvokeFunction",
            "event_source_token": null,
            "function_name": "iot-v8-blinds-action",
            "function_url_auth_type": null,
            "id": "AllowExecutionFromAPIGateway",
            "principal": "apigateway.amazonaws.com",
            "principal_org_id": null,
            "qualifier": "",
            "source_account": null,
            "source_arn": "arn:aws:execute-api:eu-central-1:428652792036:rdl8aicte9/*/*",
            "statement_id": "AllowExecutionFromAPIGateway",
            "statement_id_prefix": ""
          },
          "sensitive_attributes": [],
          "private": "bnVsbA==",
          "dependencies": [
            "aws_apigatewayv2_api.iot_v8_api_gw_api",
            "aws_dynamodb_table.iot_v8_events",
            "aws_iam_role.iot_v8_eventbridge_role",
            "aws_iam_role.iot_v8_lambda_role",
            "aws_lambda_function.iot_v8_lambda_main",
            "aws_s3_bucket.iot_v8_bucket",
            "aws_s3_object.iot_v8_s3_object",
            "data.archive_file.iot_v8_lambda_file"
          ]
        },
        {
          "index_key": "blindsEvent",
          "schema_version": 0,
          "attributes": {
            "action": "lambda:InvokeFunction",
            "event_source_token": null,
            "function_name": "iot-v8-blinds-event",
            "function_url_auth_type": null,
            "id": "AllowExecutionFromAPIGateway",
            "principal": "apigateway.amazonaws.com",
            "principal_org_id": null,
            "qualifier": "",
            "source_account": null,
            "source_arn": "arn:aws:execute-api:eu-central-1:428652792036:rdl8aicte9/*/*",
            "statement_id": "AllowExecutionFromAPIGateway",
            "statement_id_prefix": ""
          },
          "sensitive_attributes": [],
          "private": "bnVsbA==",
          "dependencies": [
            "aws_apigatewayv2_api.iot_v8_api_gw_api",
            "aws_dynamodb_table.iot_v8_events",
            "aws_iam_role.iot_v8_eventbridge_role",
            "aws_iam_role.iot_v8_lambda_role",
            "aws_lambda_function.iot_v8_lambda_main",
            "aws_s3_bucket.iot_v8_bucket",
            "aws_s3_object.iot_v8_s3_object",
            "data.archive_file.iot_v8_lambda_file"
          ]
        },
        {
          "index_key": "configRetrieve",
          "schema_version": 0,
          "attributes": {
            "action": "lambda:InvokeFunction",
            "event_source_token": null,
            "function_name": "iot-v8-config-retrieve",
            "function_url_auth_type": null,
            "id": "AllowExecutionFromAPIGateway",
            "principal": "apigateway.amazonaws.com",
            "principal_org_id": null,
            "qualifier": "",
            "source_account": null,
            "source_arn": "arn:aws:execute-api:eu-central-1:428652792036:rdl8aicte9/*/*",
            "statement_id": "AllowExecutionFromAPIGateway",
            "statement_id_prefix": ""
          },
          "sensitive_attributes": [],
          "private": "bnVsbA==",
          "dependencies": [
            "aws_apigatewayv2_api.iot_v8_api_gw_api",
            "aws_dynamodb_table.iot_v8_events",
            "aws_iam_role.iot_v8_eventbridge_role",
            "aws_iam_role.iot_v8_lambda_role",
            "aws_lambda_function.iot_v8_lambda_main",
            "aws_s3_bucket.iot_v8_bucket",
            "aws_s3_object.iot_v8_s3_object",
            "data.archive_file.iot_v8_lambda_file"
          ]
        },
        {
          "index_key": "configStore",
          "schema_version": 0,
          "attributes": {
            "action": "lambda:InvokeFunction",
            "event_source_token": null,
            "function_name": "iot-v8-config-store",
            "function_url_auth_type": null,
            "id": "AllowExecutionFromAPIGateway",
            "principal": "apigateway.amazonaws.com",
            "principal_org_id": null,
            "qualifier": "",
            "source_account": null,
            "source_arn": "arn:aws:execute-api:eu-central-1:428652792036:rdl8aicte9/*/*",
            "statement_id": "AllowExecutionFromAPIGateway",
            "statement_id_prefix": ""
          },
          "sensitive_attributes": [],
          "private": "bnVsbA==",
          "dependencies": [
            "aws_apigatewayv2_api.iot_v8_api_gw_api",
            "aws_dynamodb_table.iot_v8_events",
            "aws_iam_role.iot_v8_eventbridge_role",
            "aws_iam_role.iot_v8_lambda_role",
            "aws_lambda_function.iot_v8_lambda_main",
            "aws_s3_bucket.iot_v8_bucket",
            "aws_s3_object.iot_v8_s3_object",
            "data.archive_file.iot_v8_lambda_file"
          ]
        },
        {
          "index_key": "deleteActions",
          "schema_version": 0,
          "attributes": {
            "action": "lambda:InvokeFunction",
            "event_source_token": null,
            "function_name": "iot-v8-delete-Actions",
            "function_url_auth_type": null,
            "id": "AllowExecutionFromAPIGateway",
            "principal": "apigateway.amazonaws.com",
            "principal_org_id": null,
            "qualifier": "",
            "source_account": null,
            "source_arn": "arn:aws:execute-api:eu-central-1:428652792036:rdl8aicte9/*/*",
            "statement_id": "AllowExecutionFromAPIGateway",
            "statement_id_prefix": ""
          },
          "sensitive_attributes": [],
          "private": "bnVsbA==",
          "dependencies": [
            "aws_apigatewayv2_api.iot_v8_api_gw_api",
            "aws_dynamodb_table.iot_v8_events",
            "aws_iam_role.iot_v8_eventbridge_role",
            "aws_iam_role.iot_v8_lambda_role",
            "aws_lambda_function.iot_v8_lambda_main",
            "aws_s3_bucket.iot_v8_bucket",
            "aws_s3_object.iot_v8_s3_object",
            "data.archive_file.iot_v8_lambda_file"
          ]
        },
        {
          "index_key": "deleteAlarms",
          "schema_version": 0,
          "attributes": {
            "action": "lambda:InvokeFunction",
            "event_source_token": null,
            "function_name": "iot-v8-delete-alarms",
            "function_url_auth_type": null,
            "id": "AllowExecutionFromAPIGateway",
            "principal": "apigateway.amazonaws.com",
            "principal_org_id": null,
            "qualifier": "",
            "source_account": null,
            "source_arn": "arn:aws:execute-api:eu-central-1:428652792036:rdl8aicte9/*/*",
            "statement_id": "AllowExecutionFromAPIGateway",
            "statement_id_prefix": ""
          },
          "sensitive_attributes": [],
          "private": "bnVsbA==",
          "dependencies": [
            "aws_apigatewayv2_api.iot_v8_api_gw_api",
            "aws_dynamodb_table.iot_v8_events",
            "aws_iam_role.iot_v8_eventbridge_role",
            "aws_iam_role.iot_v8_lambda_role",
            "aws_lambda_function.iot_v8_lambda_main",
            "aws_s3_bucket.iot_v8_bucket",
            "aws_s3_object.iot_v8_s3_object",
            "data.archive_file.iot_v8_lambda_file"
          ]
        },
        {
          "index_key": "getEvents",
          "schema_version": 0,
          "attributes": {
            "action": "lambda:InvokeFunction",
            "event_source_token": null,
            "function_name": "iot-v8-get-events",
            "function_url_auth_type": null,
            "id": "AllowExecutionFromAPIGateway",
            "principal": "apigateway.amazonaws.com",
            "principal_org_id": null,
            "qualifier": "",
            "source_account": null,
            "source_arn": "arn:aws:execute-api:eu-central-1:428652792036:rdl8aicte9/*/*",
            "statement_id": "AllowExecutionFromAPIGateway",
            "statement_id_prefix": ""
          },
          "sensitive_attributes": [],
          "private": "bnVsbA==",
          "dependencies": [
            "aws_apigatewayv2_api.iot_v8_api_gw_api",
            "aws_dynamodb_table.iot_v8_events",
            "aws_iam_role.iot_v8_eventbridge_role",
            "aws_iam_role.iot_v8_lambda_role",
            "aws_lambda_function.iot_v8_lambda_main",
            "aws_s3_bucket.iot_v8_bucket",
            "aws_s3_object.iot_v8_s3_object",
            "data.archive_file.iot_v8_lambda_file"
          ]
        },
        {
          "index_key": "irrigationAction",
          "schema_version": 0,
          "attributes": {
            "action": "lambda:InvokeFunction",
            "event_source_token": null,
            "function_name": "iot-v8-irrigation-action",
            "function_url_auth_type": null,
            "id": "AllowExecutionFromAPIGateway",
            "principal": "apigateway.amazonaws.com",
            "principal_org_id": null,
            "qualifier": "",
            "source_account": null,
            "source_arn": "arn:aws:execute-api:eu-central-1:428652792036:rdl8aicte9/*/*",
            "statement_id": "AllowExecutionFromAPIGateway",
            "statement_id_prefix": ""
          },
          "sensitive_attributes": [],
          "private": "bnVsbA==",
          "dependencies": [
            "aws_apigatewayv2_api.iot_v8_api_gw_api",
            "aws_dynamodb_table.iot_v8_events",
            "aws_iam_role.iot_v8_eventbridge_role",
            "aws_iam_role.iot_v8_lambda_role",
            "aws_lambda_function.iot_v8_lambda_main",
            "aws_s3_bucket.iot_v8_bucket",
            "aws_s3_object.iot_v8_s3_object",
            "data.archive_file.iot_v8_lambda_file"
          ]
        },
        {
          "index_key": "irrigationEvent",
          "schema_version": 0,
          "attributes": {
            "action": "lambda:InvokeFunction",
            "event_source_token": null,
            "function_name": "iot-v8-irrigation-event",
            "function_url_auth_type": null,
            "id": "AllowExecutionFromAPIGateway",
            "principal": "apigateway.amazonaws.com",
            "principal_org_id": null,
            "qualifier": "",
            "source_account": null,
            "source_arn": "arn:aws:execute-api:eu-central-1:428652792036:rdl8aicte9/*/*",
            "statement_id": "AllowExecutionFromAPIGateway",
            "statement_id_prefix": ""
          },
          "sensitive_attributes": [],
          "private": "bnVsbA==",
          "dependencies": [
            "aws_apigatewayv2_api.iot_v8_api_gw_api",
            "aws_dynamodb_table.iot_v8_events",
            "aws_iam_role.iot_v8_eventbridge_role",
            "aws_iam_role.iot_v8_lambda_role",
            "aws_lambda_function.iot_v8_lambda_main",
            "aws_s3_bucket.iot_v8_bucket",
            "aws_s3_object.iot_v8_s3_object",
            "data.archive_file.iot_v8_lambda_file"
          ]
        },
        {
          "index_key": "rainEvent",
          "schema_version": 0,
          "attributes": {
            "action": "lambda:InvokeFunction",
            "event_source_token": null,
            "function_name": "iot-v8-rain-event",
            "function_url_auth_type": null,
            "id": "AllowExecutionFromAPIGateway",
            "principal": "apigateway.amazonaws.com",
            "principal_org_id": null,
            "qualifier": "",
            "source_account": null,
            "source_arn": "arn:aws:execute-api:eu-central-1:428652792036:rdl8aicte9/*/*",
            "statement_id": "AllowExecutionFromAPIGateway",
            "statement_id_prefix": ""
          },
          "sensitive_attributes": [],
          "private": "bnVsbA==",
          "dependencies": [
            "aws_apigatewayv2_api.iot_v8_api_gw_api",
            "aws_dynamodb_table.iot_v8_events",
            "aws_iam_role.iot_v8_eventbridge_role",
            "aws_iam_role.iot_v8_lambda_role",
            "aws_lambda_function.iot_v8_lambda_main",
            "aws_s3_bucket.iot_v8_bucket",
            "aws_s3_object.iot_v8_s3_object",
            "data.archive_file.iot_v8_lambda_file"
          ]
        }
      ]
    },
    {
      "mode": "managed",
      "type": "aws_s3_bucket",
      "name": "iot_v8_bucket",
      "provider": "provider[\"registry.terraform.io/hashicorp/aws\"]",
      "instances": [
        {
          "schema_version": 0,
          "attributes": {
            "acceleration_status": "",
            "acl": null,
            "arn": "arn:aws:s3:::iot-v8-bucket",
            "bucket": "iot-v8-bucket",
            "bucket_domain_name": "iot-v8-bucket.s3.amazonaws.com",
            "bucket_prefix": "",
            "bucket_regional_domain_name": "iot-v8-bucket.s3.eu-central-1.amazonaws.com",
            "cors_rule": [],
            "force_destroy": true,
            "grant": [
              {
                "id": "f9f70e760c39cf70726ff029caa6c36068d9222adf6ab1a025f9963ff5e4ccd2",
                "permissions": [
                  "FULL_CONTROL"
                ],
                "type": "CanonicalUser",
                "uri": ""
              }
            ],
            "hosted_zone_id": "Z21DNDUVLTQW6Q",
            "id": "iot-v8-bucket",
            "lifecycle_rule": [],
            "logging": [],
            "object_lock_configuration": [],
            "object_lock_enabled": false,
            "policy": "",
            "region": "eu-central-1",
            "replication_configuration": [],
            "request_payer": "BucketOwner",
            "server_side_encryption_configuration": [
              {
                "rule": [
                  {
                    "apply_server_side_encryption_by_default": [
                      {
                        "kms_master_key_id": "",
                        "sse_algorithm": "AES256"
                      }
                    ],
                    "bucket_key_enabled": false
                  }
                ]
              }
            ],
            "tags": {},
            "tags_all": {},
            "timeouts": null,
            "versioning": [
              {
                "enabled": false,
                "mfa_delete": false
              }
            ],
            "website": [],
            "website_domain": null,
            "website_endpoint": null
          },
          "sensitive_attributes": [],
          "private": "eyJlMmJmYjczMC1lY2FhLTExZTYtOGY4OC0zNDM2M2JjN2M0YzAiOnsiY3JlYXRlIjoxMjAwMDAwMDAwMDAwLCJkZWxldGUiOjM2MDAwMDAwMDAwMDAsInJlYWQiOjEyMDAwMDAwMDAwMDAsInVwZGF0ZSI6MTIwMDAwMDAwMDAwMH19"
        }
      ]
    },
    {
      "mode": "managed",
      "type": "aws_s3_bucket_public_access_block",
      "name": "iot_v8_bucket_access",
      "provider": "provider[\"registry.terraform.io/hashicorp/aws\"]",
      "instances": [
        {
          "schema_version": 0,
          "attributes": {
            "block_public_acls": true,
            "block_public_policy": true,
            "bucket": "iot-v8-bucket",
            "id": "iot-v8-bucket",
            "ignore_public_acls": true,
            "restrict_public_buckets": true
          },
          "sensitive_attributes": [],
          "private": "bnVsbA==",
          "dependencies": [
            "aws_s3_bucket.iot_v8_bucket"
          ]
        }
      ]
    },
    {
      "mode": "managed",
      "type": "aws_s3_object",
      "name": "iot_v8_s3_object",
      "provider": "provider[\"registry.terraform.io/hashicorp/aws\"]",
      "instances": [
        {
          "schema_version": 0,
          "attributes": {
            "acl": null,
            "bucket": "iot-v8-bucket",
            "bucket_key_enabled": false,
            "cache_control": "",
            "checksum_algorithm": null,
            "checksum_crc32": "",
            "checksum_crc32c": "",
            "checksum_sha1": "",
            "checksum_sha256": "",
            "content": null,
            "content_base64": null,
            "content_disposition": "",
            "content_encoding": "",
            "content_language": "",
            "content_type": "application/octet-stream",
            "etag": "066e6dfb104301e570c0bb8812c1eac1",
            "force_destroy": false,
            "id": "app.zip",
            "key": "app.zip",
            "kms_key_id": null,
            "metadata": {},
            "object_lock_legal_hold_status": "",
            "object_lock_mode": "",
            "object_lock_retain_until_date": "",
            "override_provider": [],
            "server_side_encryption": "AES256",
            "source": ".././terraform/files/app.zip",
            "source_hash": null,
            "storage_class": "STANDARD",
            "tags": {},
            "tags_all": {},
            "version_id": "",
            "website_redirect": ""
          },
          "sensitive_attributes": [],
          "private": "bnVsbA==",
          "dependencies": [
            "aws_s3_bucket.iot_v8_bucket",
            "data.archive_file.iot_v8_lambda_file"
          ]
        }
      ]
    },
    {
      "mode": "managed",
      "type": "aws_scheduler_schedule",
      "name": "iot_v8_irrigation_schedule",
      "provider": "provider[\"registry.terraform.io/hashicorp/aws\"]",
      "instances": [
        {
          "schema_version": 0,
          "attributes": {
            "arn": "arn:aws:scheduler:eu-central-1:428652792036:schedule/iot-v8-events/iot-v8-irrigation-schedule",
            "description": "",
            "end_date": "",
            "flexible_time_window": [
              {
                "maximum_window_in_minutes": 0,
                "mode": "OFF"
              }
            ],
            "group_name": "iot-v8-events",
            "id": "iot-v8-events/iot-v8-irrigation-schedule",
            "kms_key_arn": "",
            "name": "iot-v8-irrigation-schedule",
            "name_prefix": "",
            "schedule_expression": "cron(05 00 * * ? *)",
            "schedule_expression_timezone": "CET",
            "start_date": "",
            "state": "ENABLED",
            "target": [
              {
                "arn": "arn:aws:lambda:eu-central-1:428652792036:function:iot-v8-irrigation-event",
                "dead_letter_config": [],
                "ecs_parameters": [],
                "eventbridge_parameters": [],
                "input": "",
                "kinesis_parameters": [],
                "retry_policy": [
                  {
                    "maximum_event_age_in_seconds": 86400,
                    "maximum_retry_attempts": 185
                  }
                ],
                "role_arn": "arn:aws:iam::428652792036:role/iot-v8-eventbridge-role",
                "sagemaker_pipeline_parameters": [],
                "sqs_parameters": []
              }
            ]
          },
          "sensitive_attributes": [],
          "private": "bnVsbA==",
          "dependencies": [
            "aws_iam_role.iot_v8_eventbridge_role"
          ]
        }
      ]
    },
    {
      "module": "module.eventbridge",
      "mode": "data",
      "type": "aws_caller_identity",
      "name": "current",
      "provider": "provider[\"registry.terraform.io/hashicorp/aws\"]",
      "instances": [
        {
          "schema_version": 0,
          "attributes": {
            "account_id": "428652792036",
            "arn": "arn:aws:iam::428652792036:user/sergio.comunas@gmail.com",
            "id": "428652792036",
            "user_id": "AIDAWHTNSRDSDN2ZQPPYC"
          },
          "sensitive_attributes": []
        }
      ]
    },
    {
      "module": "module.eventbridge",
      "mode": "data",
      "type": "aws_cloudwatch_event_bus",
      "name": "this",
      "provider": "provider[\"registry.terraform.io/hashicorp/aws\"]",
      "instances": [
        {
          "index_key": 0,
          "schema_version": 0,
          "attributes": {
            "arn": "arn:aws:events:eu-central-1:428652792036:event-bus/default",
            "id": "default",
            "name": "default"
          },
          "sensitive_attributes": []
        }
      ]
    },
    {
      "module": "module.eventbridge",
      "mode": "data",
      "type": "aws_iam_policy_document",
      "name": "assume_role",
      "provider": "provider[\"registry.terraform.io/hashicorp/aws\"]",
      "instances": [
        {
          "index_key": 0,
          "schema_version": 0,
          "attributes": {
            "id": "3959961479",
            "json": "{\n  \"Version\": \"2012-10-17\",\n  \"Statement\": [\n    {\n      \"Effect\": \"Allow\",\n      \"Action\": \"sts:AssumeRole\",\n      \"Principal\": {\n        \"Service\": \"events.amazonaws.com\"\n      }\n    }\n  ]\n}",
            "override_policy_documents": null,
            "policy_id": null,
            "source_policy_documents": null,
            "statement": [
              {
                "actions": [
                  "sts:AssumeRole"
                ],
                "condition": [],
                "effect": "Allow",
                "not_actions": [],
                "not_principals": [],
                "not_resources": [],
                "principals": [
                  {
                    "identifiers": [
                      "events.amazonaws.com"
                    ],
                    "type": "Service"
                  }
                ],
                "resources": [],
                "sid": ""
              }
            ],
            "version": "2012-10-17"
          },
          "sensitive_attributes": []
        }
      ]
    },
    {
      "module": "module.eventbridge",
      "mode": "data",
      "type": "aws_partition",
      "name": "current",
      "provider": "provider[\"registry.terraform.io/hashicorp/aws\"]",
      "instances": [
        {
          "schema_version": 0,
          "attributes": {
            "dns_suffix": "amazonaws.com",
            "id": "aws",
            "partition": "aws",
            "reverse_dns_prefix": "com.amazonaws"
          },
          "sensitive_attributes": []
        }
      ]
    },
    {
      "module": "module.eventbridge",
      "mode": "data",
      "type": "aws_region",
      "name": "current",
      "provider": "provider[\"registry.terraform.io/hashicorp/aws\"]",
      "instances": [
        {
          "schema_version": 0,
          "attributes": {
            "description": "Europe (Frankfurt)",
            "endpoint": "ec2.eu-central-1.amazonaws.com",
            "id": "eu-central-1",
            "name": "eu-central-1"
          },
          "sensitive_attributes": []
        }
      ]
    },
    {
      "module": "module.eventbridge",
      "mode": "managed",
      "type": "aws_iam_role",
      "name": "eventbridge",
      "provider": "provider[\"registry.terraform.io/hashicorp/aws\"]",
      "instances": [
        {
          "index_key": 0,
          "schema_version": 0,
          "attributes": {
            "arn": "arn:aws:iam::428652792036:role/default",
            "assume_role_policy": "{\"Statement\":[{\"Action\":\"sts:AssumeRole\",\"Effect\":\"Allow\",\"Principal\":{\"Service\":\"events.amazonaws.com\"}}],\"Version\":\"2012-10-17\"}",
            "create_date": "2024-03-04T21:19:49Z",
            "description": "",
            "force_detach_policies": true,
            "id": "default",
            "inline_policy": [],
            "managed_policy_arns": [],
            "max_session_duration": 3600,
            "name": "default",
            "name_prefix": "",
            "path": "/",
            "permissions_boundary": "",
            "tags": {
              "Name": "default"
            },
            "tags_all": {
              "Name": "default"
            },
            "unique_id": "AROAWHTNSRDSF47V7JOWW"
          },
          "sensitive_attributes": [],
          "private": "bnVsbA==",
          "dependencies": [
            "module.eventbridge.data.aws_iam_policy_document.assume_role"
          ]
        }
      ]
    },
    {
      "module": "module.eventbridge",
      "mode": "managed",
      "type": "aws_scheduler_schedule_group",
      "name": "this",
      "provider": "provider[\"registry.terraform.io/hashicorp/aws\"]",
      "instances": [
        {
          "index_key": "eventbridge_actions",
          "schema_version": 0,
          "attributes": {
            "arn": "arn:aws:scheduler:eu-central-1:428652792036:schedule-group/iot-v8-actions",
            "creation_date": "2024-03-04T21:19:48Z",
            "id": "iot-v8-actions",
            "last_modification_date": "2024-03-04T21:19:48Z",
            "name": "iot-v8-actions",
            "name_prefix": "",
            "state": "ACTIVE",
            "tags": {},
            "tags_all": {},
            "timeouts": {
              "create": null,
              "delete": null
            }
          },
          "sensitive_attributes": [],
          "private": "eyJlMmJmYjczMC1lY2FhLTExZTYtOGY4OC0zNDM2M2JjN2M0YzAiOnsiY3JlYXRlIjozMDAwMDAwMDAwMDAsImRlbGV0ZSI6MzAwMDAwMDAwMDAwfX0=",
          "create_before_destroy": true
        },
        {
          "index_key": "eventbridge_alarms",
          "schema_version": 0,
          "attributes": {
            "arn": "arn:aws:scheduler:eu-central-1:428652792036:schedule-group/iot-v8-alarms",
            "creation_date": "2024-03-10T10:20:34Z",
            "id": "iot-v8-alarms",
            "last_modification_date": "2024-03-10T10:20:34Z",
            "name": "iot-v8-alarms",
            "name_prefix": "",
            "state": "ACTIVE",
            "tags": {},
            "tags_all": {},
            "timeouts": {
              "create": null,
              "delete": null
            }
          },
          "sensitive_attributes": [],
          "private": "eyJlMmJmYjczMC1lY2FhLTExZTYtOGY4OC0zNDM2M2JjN2M0YzAiOnsiY3JlYXRlIjozMDAwMDAwMDAwMDAsImRlbGV0ZSI6MzAwMDAwMDAwMDAwfX0=",
          "create_before_destroy": true
        },
        {
          "index_key": "eventbridge_events",
          "schema_version": 0,
          "attributes": {
            "arn": "arn:aws:scheduler:eu-central-1:428652792036:schedule-group/iot-v8-events",
            "creation_date": "2024-03-04T21:19:48Z",
            "id": "iot-v8-events",
            "last_modification_date": "2024-03-04T21:19:48Z",
            "name": "iot-v8-events",
            "name_prefix": "",
            "state": "ACTIVE",
            "tags": {},
            "tags_all": {},
            "timeouts": {
              "create": null,
              "delete": null
            }
          },
          "sensitive_attributes": [],
          "private": "eyJlMmJmYjczMC1lY2FhLTExZTYtOGY4OC0zNDM2M2JjN2M0YzAiOnsiY3JlYXRlIjozMDAwMDAwMDAwMDAsImRlbGV0ZSI6MzAwMDAwMDAwMDAwfX0=",
          "create_before_destroy": true
        }
      ]
    }
  ],
  "check_results": null
}
